// !$*UTF8*$!
{
	archiveVersion = 1;
	classes = {
	};
	objectVersion = 51;
	objects = {

/* Begin PBXBuildFile section */
		1B67C6FDBAAC86FDC76B5F59 /* Pods_Hyakuninisshu_HyakuninisshuUITests.framework in Frameworks */ = {isa = PBXBuildFile; fileRef = 927245D23992DBC54A8F0392 /* Pods_Hyakuninisshu_HyakuninisshuUITests.framework */; };
		1E2ACBB78DB2157D92324CA7 /* Pods_Hyakuninisshu.framework in Frameworks */ = {isa = PBXBuildFile; fileRef = 8FC75B81B91677A4AD4FDAFE /* Pods_Hyakuninisshu.framework */; };
		F7B3885135B50387FF4BA5AB /* Pods_HyakuninisshuTests.framework in Frameworks */ = {isa = PBXBuildFile; fileRef = 7ADB8258C8DA4D2BCC476D56 /* Pods_HyakuninisshuTests.framework */; };
		FA0289352570A390003ADE9C /* Karuta.swift in Sources */ = {isa = PBXBuildFile; fileRef = FA0289342570A390003ADE9C /* Karuta.swift */; };
		FA02893A2570BEDF003ADE9C /* Verse.swift in Sources */ = {isa = PBXBuildFile; fileRef = FA0289392570BEDF003ADE9C /* Verse.swift */; };
		FA02893F2570C194003ADE9C /* KarutaNo.swift in Sources */ = {isa = PBXBuildFile; fileRef = FA02893E2570C194003ADE9C /* KarutaNo.swift */; };
		FA0289442570CBBA003ADE9C /* KamiNoKu.swift in Sources */ = {isa = PBXBuildFile; fileRef = FA0289432570CBBA003ADE9C /* KamiNoKu.swift */; };
		FA0289492570CD73003ADE9C /* ShimoNoKu.swift in Sources */ = {isa = PBXBuildFile; fileRef = FA0289482570CD72003ADE9C /* ShimoNoKu.swift */; };
		FA02894E2570D053003ADE9C /* KarutaColor.swift in Sources */ = {isa = PBXBuildFile; fileRef = FA02894D2570D053003ADE9C /* KarutaColor.swift */; };
		FA0289532570D107003ADE9C /* Kimariji.swift in Sources */ = {isa = PBXBuildFile; fileRef = FA0289522570D107003ADE9C /* Kimariji.swift */; };
		FA028975257A00DA003ADE9C /* SplashViewController.swift in Sources */ = {isa = PBXBuildFile; fileRef = FA028974257A00DA003ADE9C /* SplashViewController.swift */; };
		FA02897F257A0626003ADE9C /* Splash.storyboard in Resources */ = {isa = PBXBuildFile; fileRef = FA02897E257A0626003ADE9C /* Splash.storyboard */; };
		FA0EC59C259694C0003B4FEE /* Material.swift in Sources */ = {isa = PBXBuildFile; fileRef = FA0EC59B259694C0003B4FEE /* Material.swift */; };
		FA0EC5A725972389003B4FEE /* KanjiFormatter.swift in Sources */ = {isa = PBXBuildFile; fileRef = FA0EC5A625972389003B4FEE /* KanjiFormatter.swift */; };
		FA0EC5AC2597EAEF003B4FEE /* RangeCondition.swift in Sources */ = {isa = PBXBuildFile; fileRef = FA0EC5AB2597EAEF003B4FEE /* RangeCondition.swift */; };
		FA0EC5B12597EE45003B4FEE /* TrainingModel.swift in Sources */ = {isa = PBXBuildFile; fileRef = FA0EC5B02597EE45003B4FEE /* TrainingModel.swift */; };
		FA0EC5B62597EE50003B4FEE /* TrainingPresenter.swift in Sources */ = {isa = PBXBuildFile; fileRef = FA0EC5B52597EE50003B4FEE /* TrainingPresenter.swift */; };
		FA0EC5C32599B199003B4FEE /* KimarijiCondition.swift in Sources */ = {isa = PBXBuildFile; fileRef = FA0EC5C22599B199003B4FEE /* KimarijiCondition.swift */; };
		FA0EC5C82599B749003B4FEE /* ColorCondition.swift in Sources */ = {isa = PBXBuildFile; fileRef = FA0EC5C72599B749003B4FEE /* ColorCondition.swift */; };
		FA0EC5CD2599BB3A003B4FEE /* DisplayStyleCondition.swift in Sources */ = {isa = PBXBuildFile; fileRef = FA0EC5CC2599BB3A003B4FEE /* DisplayStyleCondition.swift */; };
		FA0EC5D22599BBAE003B4FEE /* AnimationSpeedCondition.swift in Sources */ = {isa = PBXBuildFile; fileRef = FA0EC5D12599BBAE003B4FEE /* AnimationSpeedCondition.swift */; };
		FA0ED109259F76BC00D41DBA /* ToriFudaView.swift in Sources */ = {isa = PBXBuildFile; fileRef = FA0ED108259F76BC00D41DBA /* ToriFudaView.swift */; };
		FA0ED10E259F854900D41DBA /* YomiFudaView.swift in Sources */ = {isa = PBXBuildFile; fileRef = FA0ED10D259F854900D41DBA /* YomiFudaView.swift */; };
		FA0ED11625A0CA4D00D41DBA /* VerticalLabel.swift in Sources */ = {isa = PBXBuildFile; fileRef = FA0ED11525A0CA4D00D41DBA /* VerticalLabel.swift */; };
		FA12E2D625A356B300C057B6 /* AnswerViewController.swift in Sources */ = {isa = PBXBuildFile; fileRef = FA12E2D525A356B300C057B6 /* AnswerViewController.swift */; };
		FA12E2DE25A3BFD200C057B6 /* FudaView.swift in Sources */ = {isa = PBXBuildFile; fileRef = FA12E2DD25A3BFD200C057B6 /* FudaView.swift */; };
		FA142B0525A82D5C005218F4 /* ExamHistoryId.swift in Sources */ = {isa = PBXBuildFile; fileRef = FA142B0425A82D5C005218F4 /* ExamHistoryId.swift */; };
		FA142B1225A82DD9005218F4 /* ExamHitory.swift in Sources */ = {isa = PBXBuildFile; fileRef = FA142B1125A82DD9005218F4 /* ExamHitory.swift */; };
		FA142B1725A82EF0005218F4 /* ExamHistoryRepository.swift in Sources */ = {isa = PBXBuildFile; fileRef = FA142B1625A82EF0005218F4 /* ExamHistoryRepository.swift */; };
		FA142B3225A83834005218F4 /* KarutaRepositoryImpl.swift in Sources */ = {isa = PBXBuildFile; fileRef = FA142B3125A83834005218F4 /* KarutaRepositoryImpl.swift */; };
		FA142B3D25A8390A005218F4 /* KarutaRepository.swift in Sources */ = {isa = PBXBuildFile; fileRef = FA142B3C25A8390A005218F4 /* KarutaRepository.swift */; };
		FA142B4225A839E1005218F4 /* QuestionRepositoryImpl.swift in Sources */ = {isa = PBXBuildFile; fileRef = FA142B4125A839E1005218F4 /* QuestionRepositoryImpl.swift */; };
		FA142B4725A83AC5005218F4 /* ExamHistoryRepositoryImpl.swift in Sources */ = {isa = PBXBuildFile; fileRef = FA142B4625A83AC5005218F4 /* ExamHistoryRepositoryImpl.swift */; };
		FA142B4C25A8454A005218F4 /* ExamHistoryCollection.swift in Sources */ = {isa = PBXBuildFile; fileRef = FA142B4B25A8454A005218F4 /* ExamHistoryCollection.swift */; };
		FA142B5425A84C8A005218F4 /* UIViewExtension.swift in Sources */ = {isa = PBXBuildFile; fileRef = FA142B5325A84C8A005218F4 /* UIViewExtension.swift */; };
		FA178EE3259E0F58001C0311 /* QuestionPresenter.swift in Sources */ = {isa = PBXBuildFile; fileRef = FA178EE2259E0F58001C0311 /* QuestionPresenter.swift */; };
		FA178EE8259E0F6B001C0311 /* QuestionModel.swift in Sources */ = {isa = PBXBuildFile; fileRef = FA178EE7259E0F6B001C0311 /* QuestionModel.swift */; };
		FA178EED259E14B8001C0311 /* ToriFuda.swift in Sources */ = {isa = PBXBuildFile; fileRef = FA178EEC259E14B8001C0311 /* ToriFuda.swift */; };
		FA178EF2259E172D001C0311 /* YomiFuda.swift in Sources */ = {isa = PBXBuildFile; fileRef = FA178EF1259E172D001C0311 /* YomiFuda.swift */; };
		FA178EF7259E1AD2001C0311 /* Play.swift in Sources */ = {isa = PBXBuildFile; fileRef = FA178EF6259E1AD2001C0311 /* Play.swift */; };
		FA1B78D525A9F612000DB361 /* ExamResultCollectionViewHeader.swift in Sources */ = {isa = PBXBuildFile; fileRef = FA1B78D425A9F612000DB361 /* ExamResultCollectionViewHeader.swift */; };
		FA1B78DD25A9FCC9000DB361 /* ExamResultCollectionViewCell.swift in Sources */ = {isa = PBXBuildFile; fileRef = FA1B78DC25A9FCC9000DB361 /* ExamResultCollectionViewCell.swift */; };
		FA1B78E225AA074D000DB361 /* ExamResultCollectionViewFooter.swift in Sources */ = {isa = PBXBuildFile; fileRef = FA1B78E125AA074D000DB361 /* ExamResultCollectionViewFooter.swift */; };
		FA27E260257055FC001132A3 /* AppDelegate.swift in Sources */ = {isa = PBXBuildFile; fileRef = FA27E25F257055FC001132A3 /* AppDelegate.swift */; };
		FA27E262257055FC001132A3 /* SceneDelegate.swift in Sources */ = {isa = PBXBuildFile; fileRef = FA27E261257055FC001132A3 /* SceneDelegate.swift */; };
		FA27E267257055FC001132A3 /* Main.storyboard in Resources */ = {isa = PBXBuildFile; fileRef = FA27E265257055FC001132A3 /* Main.storyboard */; };
		FA27E26A257055FC001132A3 /* Hyakuninisshu.xcdatamodeld in Sources */ = {isa = PBXBuildFile; fileRef = FA27E268257055FC001132A3 /* Hyakuninisshu.xcdatamodeld */; };
		FA27E26C257055FF001132A3 /* Assets.xcassets in Resources */ = {isa = PBXBuildFile; fileRef = FA27E26B257055FF001132A3 /* Assets.xcassets */; };
		FA27E26F257055FF001132A3 /* LaunchScreen.storyboard in Resources */ = {isa = PBXBuildFile; fileRef = FA27E26D257055FF001132A3 /* LaunchScreen.storyboard */; };
		FA27E27A257055FF001132A3 /* HyakuninisshuTests.swift in Sources */ = {isa = PBXBuildFile; fileRef = FA27E279257055FF001132A3 /* HyakuninisshuTests.swift */; };
		FA27E285257055FF001132A3 /* HyakuninisshuUITests.swift in Sources */ = {isa = PBXBuildFile; fileRef = FA27E284257055FF001132A3 /* HyakuninisshuUITests.swift */; };
		FA2C3C2125D1864000790429 /* CreditViewController.swift in Sources */ = {isa = PBXBuildFile; fileRef = FA2C3C2025D1864000790429 /* CreditViewController.swift */; };
		FA2C3C2625D1871900790429 /* license.html in Resources */ = {isa = PBXBuildFile; fileRef = FA2C3C2525D1871900790429 /* license.html */; };
		FA2D7AD32581781800C6134B /* UIViewControllerExtension.swift in Sources */ = {isa = PBXBuildFile; fileRef = FA2D7AD22581781800C6134B /* UIViewControllerExtension.swift */; };
		FA2D7AF72583192A00C6134B /* MaterialTableViewCell.swift in Sources */ = {isa = PBXBuildFile; fileRef = FA2D7AF62583192A00C6134B /* MaterialTableViewCell.swift */; };
		FA2D7AFF258350B400C6134B /* UIImageViewExtension.swift in Sources */ = {isa = PBXBuildFile; fileRef = FA2D7AFE258350B400C6134B /* UIImageViewExtension.swift */; };
		FA2D7B05258361F800C6134B /* EntranceTabBarController.swift in Sources */ = {isa = PBXBuildFile; fileRef = FA2D7B04258361F800C6134B /* EntranceTabBarController.swift */; };
		FA2D7B142584234300C6134B /* MaterialDetailViewController.swift in Sources */ = {isa = PBXBuildFile; fileRef = FA2D7B132584234300C6134B /* MaterialDetailViewController.swift */; };
		FA31034825C3C790004452F7 /* hannari.otf in Resources */ = {isa = PBXBuildFile; fileRef = FA31034725C3C790004452F7 /* hannari.otf */; };
		FA31034D25C3CB04004452F7 /* UIFontExtension.swift in Sources */ = {isa = PBXBuildFile; fileRef = FA31034C25C3CB04004452F7 /* UIFontExtension.swift */; };
		FA31035225C3DD0B004452F7 /* UIColorExtension.swift in Sources */ = {isa = PBXBuildFile; fileRef = FA31035125C3DD0B004452F7 /* UIColorExtension.swift */; };
		FA35DB062592DA0D00B2DA55 /* QuestionId.swift in Sources */ = {isa = PBXBuildFile; fileRef = FA35DB052592DA0D00B2DA55 /* QuestionId.swift */; };
		FA35DB0B2592DA9D00B2DA55 /* QuestionState.swift in Sources */ = {isa = PBXBuildFile; fileRef = FA35DB0A2592DA9D00B2DA55 /* QuestionState.swift */; };
		FA35DB102592DB3A00B2DA55 /* QuestionResult.swift in Sources */ = {isa = PBXBuildFile; fileRef = FA35DB0F2592DB3A00B2DA55 /* QuestionResult.swift */; };
		FA35DB152592DB4900B2DA55 /* QuestionJudgement.swift in Sources */ = {isa = PBXBuildFile; fileRef = FA35DB142592DB4900B2DA55 /* QuestionJudgement.swift */; };
		FA35DB1A2592DDC000B2DA55 /* Question.swift in Sources */ = {isa = PBXBuildFile; fileRef = FA35DB192592DDC000B2DA55 /* Question.swift */; };
		FA35DB1F2592DF0E00B2DA55 /* QuestionRepository.swift in Sources */ = {isa = PBXBuildFile; fileRef = FA35DB1E2592DF0E00B2DA55 /* QuestionRepository.swift */; };
		FA35DB242592DF2400B2DA55 /* DomainError.swift in Sources */ = {isa = PBXBuildFile; fileRef = FA35DB232592DF2400B2DA55 /* DomainError.swift */; };
		FA35DB2A2592DFEE00B2DA55 /* CreateQuestionsService.swift in Sources */ = {isa = PBXBuildFile; fileRef = FA35DB292592DFEE00B2DA55 /* CreateQuestionsService.swift */; };
		FA35DB322592E14000B2DA55 /* KarutaNoCollection.swift in Sources */ = {isa = PBXBuildFile; fileRef = FA35DB312592E14000B2DA55 /* KarutaNoCollection.swift */; };
		FA35DB3E259310C000B2DA55 /* TrainingViewController.swift in Sources */ = {isa = PBXBuildFile; fileRef = FA35DB3D259310C000B2DA55 /* TrainingViewController.swift */; };
		FA3BA3DB25A5179600841087 /* TrainingResultViewController.swift in Sources */ = {isa = PBXBuildFile; fileRef = FA3BA3DA25A5179600841087 /* TrainingResultViewController.swift */; };
		FA3BA3E025A53D7C00841087 /* QuestionCollection.swift in Sources */ = {isa = PBXBuildFile; fileRef = FA3BA3DF25A53D7C00841087 /* QuestionCollection.swift */; };
		FA3BA3E525A540BD00841087 /* QuestionResultScore.swift in Sources */ = {isa = PBXBuildFile; fileRef = FA3BA3E425A540BD00841087 /* QuestionResultScore.swift */; };
		FA3BA3EA25A5FC1C00841087 /* TrainingResult.swift in Sources */ = {isa = PBXBuildFile; fileRef = FA3BA3E925A5FC1C00841087 /* TrainingResult.swift */; };
		FA56085C259B13510059AF7D /* QuestionStarterViewController.swift in Sources */ = {isa = PBXBuildFile; fileRef = FA56085B259B13510059AF7D /* QuestionStarterViewController.swift */; };
		FA560865259B13940059AF7D /* QuestionViewController.swift in Sources */ = {isa = PBXBuildFile; fileRef = FA560864259B13940059AF7D /* QuestionViewController.swift */; };
		FA56086D259B21DB0059AF7D /* QuestionStarterPresenter.swift in Sources */ = {isa = PBXBuildFile; fileRef = FA56086C259B21DB0059AF7D /* QuestionStarterPresenter.swift */; };
		FA560872259B21E70059AF7D /* QuestionStarterModel.swift in Sources */ = {isa = PBXBuildFile; fileRef = FA560871259B21E70059AF7D /* QuestionStarterModel.swift */; };
		FA58E38B25C5A71500FA7FCF /* UserDefaultsExtension.swift in Sources */ = {isa = PBXBuildFile; fileRef = FA58E38A25C5A71500FA7FCF /* UserDefaultsExtension.swift */; };
		FA58E39125C5AAF200FA7FCF /* SettingViewController.swift in Sources */ = {isa = PBXBuildFile; fileRef = FA58E39025C5AAF200FA7FCF /* SettingViewController.swift */; };
		FA58E39625C5ABF700FA7FCF /* UIUserInterfaceStyleExtension.swift in Sources */ = {isa = PBXBuildFile; fileRef = FA58E39525C5ABF700FA7FCF /* UIUserInterfaceStyleExtension.swift */; };
		FA58E39C25C5AF6C00FA7FCF /* DarkModeSettingViewController.swift in Sources */ = {isa = PBXBuildFile; fileRef = FA58E39B25C5AF6C00FA7FCF /* DarkModeSettingViewController.swift */; };
		FA5E6A5925A74B80008EE33F /* UIStoryboardExtension.swift in Sources */ = {isa = PBXBuildFile; fileRef = FA5E6A5825A74B80008EE33F /* UIStoryboardExtension.swift */; };
		FA5E6A5E25A74BCA008EE33F /* ViewControllerIdentifier.swift in Sources */ = {isa = PBXBuildFile; fileRef = FA5E6A5D25A74BCA008EE33F /* ViewControllerIdentifier.swift */; };
		FA5E6A6625A7F9F5008EE33F /* UINavigationControllerExtension.swift in Sources */ = {isa = PBXBuildFile; fileRef = FA5E6A6525A7F9F5008EE33F /* UINavigationControllerExtension.swift */; };
		FA5E6A6C25A8051A008EE33F /* ExamViewController.swift in Sources */ = {isa = PBXBuildFile; fileRef = FA5E6A6B25A8051A008EE33F /* ExamViewController.swift */; };
		FA5E6A7425A80525008EE33F /* ExamModel.swift in Sources */ = {isa = PBXBuildFile; fileRef = FA5E6A7325A80525008EE33F /* ExamModel.swift */; };
		FA5E6A7925A8052F008EE33F /* ExamPresenter.swift in Sources */ = {isa = PBXBuildFile; fileRef = FA5E6A7825A8052F008EE33F /* ExamPresenter.swift */; };
		FA5FEFBD25AB463C00948165 /* PlayScore.swift in Sources */ = {isa = PBXBuildFile; fileRef = FA5FEFBC25AB463C00948165 /* PlayScore.swift */; };
		FA5FEFCB25AB5EB100948165 /* ExamHistoryModel.swift in Sources */ = {isa = PBXBuildFile; fileRef = FA5FEFCA25AB5EB100948165 /* ExamHistoryModel.swift */; };
		FA5FEFD025AB5EC100948165 /* ExamHistoryPresenter.swift in Sources */ = {isa = PBXBuildFile; fileRef = FA5FEFCF25AB5EC100948165 /* ExamHistoryPresenter.swift */; };
		FA5FEFE325AD005600948165 /* ExamHistoryTableViewCell.swift in Sources */ = {isa = PBXBuildFile; fileRef = FA5FEFE225AD005600948165 /* ExamHistoryTableViewCell.swift */; };
		FA6BC59C25B130F000B2DEFE /* ValueObject.swift in Sources */ = {isa = PBXBuildFile; fileRef = FA6BC59B25B130F000B2DEFE /* ValueObject.swift */; };
		FA6BC5A425B1310800B2DEFE /* EntityId.swift in Sources */ = {isa = PBXBuildFile; fileRef = FA6BC5A325B1310800B2DEFE /* EntityId.swift */; };
		FA6BC5A925B1376200B2DEFE /* Entity.swift in Sources */ = {isa = PBXBuildFile; fileRef = FA6BC5A825B1376200B2DEFE /* Entity.swift */; };
		FA6DEACB25A8550E00F8C349 /* karuta_list_v_3.json in Resources */ = {isa = PBXBuildFile; fileRef = FA6DEACA25A8550E00F8C349 /* karuta_list_v_3.json */; };
		FA8FBC3A25B7106A00152176 /* ActionButton.swift in Sources */ = {isa = PBXBuildFile; fileRef = FA8FBC3925B7106A00152176 /* ActionButton.swift */; };
		FA9EF1E42594712000265ED2 /* KeyboardPicker.swift in Sources */ = {isa = PBXBuildFile; fileRef = FA9EF1E32594712000265ED2 /* KeyboardPicker.swift */; };
		FAB9E0D725A8A0C30038EA04 /* ExamResultViewController.swift in Sources */ = {isa = PBXBuildFile; fileRef = FAB9E0D625A8A0C30038EA04 /* ExamResultViewController.swift */; };
		FAB9E0E925A8A3640038EA04 /* AnswerModel.swift in Sources */ = {isa = PBXBuildFile; fileRef = FAB9E0E825A8A3640038EA04 /* AnswerModel.swift */; };
		FAB9E0EE25A8A3700038EA04 /* AnswerPresenter.swift in Sources */ = {isa = PBXBuildFile; fileRef = FAB9E0ED25A8A3700038EA04 /* AnswerPresenter.swift */; };
		FAB9E0F925A8B6530038EA04 /* ExamResult.swift in Sources */ = {isa = PBXBuildFile; fileRef = FAB9E0F825A8B6530038EA04 /* ExamResult.swift */; };
		FAC72D5525BC67FA0051A2BF /* QuestionResultView.swift in Sources */ = {isa = PBXBuildFile; fileRef = FAC72D5425BC67FA0051A2BF /* QuestionResultView.swift */; };
		FACB599525B482F100B4ACFA /* UnexpectedErrorViewController.swift in Sources */ = {isa = PBXBuildFile; fileRef = FACB599425B482F100B4ACFA /* UnexpectedErrorViewController.swift */; };
		FACC8B2425B1844F00579F96 /* DIContainer.swift in Sources */ = {isa = PBXBuildFile; fileRef = FACC8B2325B1844F00579F96 /* DIContainer.swift */; };
		FACC8B2C25B1D75C00579F96 /* Error.storyboard in Resources */ = {isa = PBXBuildFile; fileRef = FACC8B2B25B1D75C00579F96 /* Error.storyboard */; };
		FACC8B3125B1E0E400579F96 /* PresentationError.swift in Sources */ = {isa = PBXBuildFile; fileRef = FACC8B3025B1E0E400579F96 /* PresentationError.swift */; };
		FACCA29D25CD914F00D5D3C3 /* ExamHistoryViewController.swift in Sources */ = {isa = PBXBuildFile; fileRef = FACCA29C25CD914F00D5D3C3 /* ExamHistoryViewController.swift */; };
		FAD1686E25CCF06A00A447A1 /* GADBannerViewExtension.swift in Sources */ = {isa = PBXBuildFile; fileRef = FAD1686D25CCF06A00A447A1 /* GADBannerViewExtension.swift */; };
		FAD1687925CD099600A447A1 /* MaterialViewController.swift in Sources */ = {isa = PBXBuildFile; fileRef = FAD1687825CD099600A447A1 /* MaterialViewController.swift */; };
		FAD1687E25CD0CC500A447A1 /* MaterialModel.swift in Sources */ = {isa = PBXBuildFile; fileRef = FAD1687D25CD0CC500A447A1 /* MaterialModel.swift */; };
		FAD1688325CD0D2F00A447A1 /* MaterialPresenter.swift in Sources */ = {isa = PBXBuildFile; fileRef = FAD1688225CD0D2F00A447A1 /* MaterialPresenter.swift */; };
		FAD9677525C6FD7D009936AD /* PrivacyPolicyViewController.swift in Sources */ = {isa = PBXBuildFile; fileRef = FAD9677425C6FD7D009936AD /* PrivacyPolicyViewController.swift */; };
		FAD9677A25C75D0F009936AD /* AboutAdViewController.swift in Sources */ = {isa = PBXBuildFile; fileRef = FAD9677925C75D0F009936AD /* AboutAdViewController.swift */; };
		FAF4EBBB25CE61B3006BABF5 /* AdController.swift in Sources */ = {isa = PBXBuildFile; fileRef = FAF4EBBA25CE61B3006BABF5 /* AdController.swift */; };
		FAF4EBC325CE70A7006BABF5 /* .env in Resources */ = {isa = PBXBuildFile; fileRef = FAF4EBC225CE70A7006BABF5 /* .env */; };
		FAF4EBC825CE74DD006BABF5 /* .debug.env in Resources */ = {isa = PBXBuildFile; fileRef = FAF4EBC725CE74DD006BABF5 /* .debug.env */; };
		FAF4EBDB25CED9D7006BABF5 /* GoogleService-Info-Release.plist in Resources */ = {isa = PBXBuildFile; fileRef = FAF4EBD825CED9D7006BABF5 /* GoogleService-Info-Release.plist */; };
		FAF4EBDC25CED9D7006BABF5 /* GoogleService-Info-Debug.plist in Resources */ = {isa = PBXBuildFile; fileRef = FAF4EBD925CED9D7006BABF5 /* GoogleService-Info-Debug.plist */; };
		FAF4EBE125CED9F6006BABF5 /* Env.swift in Sources */ = {isa = PBXBuildFile; fileRef = FAF4EBE025CED9F6006BABF5 /* Env.swift */; };
		FAF7E07325DBB62300017290 /* Score.swift in Sources */ = {isa = PBXBuildFile; fileRef = FAF7E07225DBB62300017290 /* Score.swift */; };
/* End PBXBuildFile section */

/* Begin PBXContainerItemProxy section */
		FA27E276257055FF001132A3 /* PBXContainerItemProxy */ = {
			isa = PBXContainerItemProxy;
			containerPortal = FA27E254257055FC001132A3 /* Project object */;
			proxyType = 1;
			remoteGlobalIDString = FA27E25B257055FC001132A3;
			remoteInfo = Hyakuninisshu;
		};
		FA27E281257055FF001132A3 /* PBXContainerItemProxy */ = {
			isa = PBXContainerItemProxy;
			containerPortal = FA27E254257055FC001132A3 /* Project object */;
			proxyType = 1;
			remoteGlobalIDString = FA27E25B257055FC001132A3;
			remoteInfo = Hyakuninisshu;
		};
/* End PBXContainerItemProxy section */

/* Begin PBXFileReference section */
		3540D85C37BAF640F6C7DDD4 /* Pods-HyakuninisshuTests.release.xcconfig */ = {isa = PBXFileReference; includeInIndex = 1; lastKnownFileType = text.xcconfig; name = "Pods-HyakuninisshuTests.release.xcconfig"; path = "Target Support Files/Pods-HyakuninisshuTests/Pods-HyakuninisshuTests.release.xcconfig"; sourceTree = "<group>"; };
		5F4D61FCD12498A794128730 /* Pods-Hyakuninisshu.debug.xcconfig */ = {isa = PBXFileReference; includeInIndex = 1; lastKnownFileType = text.xcconfig; name = "Pods-Hyakuninisshu.debug.xcconfig"; path = "Target Support Files/Pods-Hyakuninisshu/Pods-Hyakuninisshu.debug.xcconfig"; sourceTree = "<group>"; };
		7ADB8258C8DA4D2BCC476D56 /* Pods_HyakuninisshuTests.framework */ = {isa = PBXFileReference; explicitFileType = wrapper.framework; includeInIndex = 0; path = Pods_HyakuninisshuTests.framework; sourceTree = BUILT_PRODUCTS_DIR; };
		8FC75B81B91677A4AD4FDAFE /* Pods_Hyakuninisshu.framework */ = {isa = PBXFileReference; explicitFileType = wrapper.framework; includeInIndex = 0; path = Pods_Hyakuninisshu.framework; sourceTree = BUILT_PRODUCTS_DIR; };
		922815807AE272501646F324 /* Pods-Hyakuninisshu.release.xcconfig */ = {isa = PBXFileReference; includeInIndex = 1; lastKnownFileType = text.xcconfig; name = "Pods-Hyakuninisshu.release.xcconfig"; path = "Target Support Files/Pods-Hyakuninisshu/Pods-Hyakuninisshu.release.xcconfig"; sourceTree = "<group>"; };
		927245D23992DBC54A8F0392 /* Pods_Hyakuninisshu_HyakuninisshuUITests.framework */ = {isa = PBXFileReference; explicitFileType = wrapper.framework; includeInIndex = 0; path = Pods_Hyakuninisshu_HyakuninisshuUITests.framework; sourceTree = BUILT_PRODUCTS_DIR; };
		B2FAAF1DB8E2AE43782FC5C2 /* Pods-HyakuninisshuTests.debug.xcconfig */ = {isa = PBXFileReference; includeInIndex = 1; lastKnownFileType = text.xcconfig; name = "Pods-HyakuninisshuTests.debug.xcconfig"; path = "Target Support Files/Pods-HyakuninisshuTests/Pods-HyakuninisshuTests.debug.xcconfig"; sourceTree = "<group>"; };
		B5A6D833ED7727B947135122 /* Pods-Hyakuninisshu-HyakuninisshuUITests.release.xcconfig */ = {isa = PBXFileReference; includeInIndex = 1; lastKnownFileType = text.xcconfig; name = "Pods-Hyakuninisshu-HyakuninisshuUITests.release.xcconfig"; path = "Target Support Files/Pods-Hyakuninisshu-HyakuninisshuUITests/Pods-Hyakuninisshu-HyakuninisshuUITests.release.xcconfig"; sourceTree = "<group>"; };
		FA0289342570A390003ADE9C /* Karuta.swift */ = {isa = PBXFileReference; lastKnownFileType = sourcecode.swift; path = Karuta.swift; sourceTree = "<group>"; };
		FA0289392570BEDF003ADE9C /* Verse.swift */ = {isa = PBXFileReference; lastKnownFileType = sourcecode.swift; path = Verse.swift; sourceTree = "<group>"; };
		FA02893E2570C194003ADE9C /* KarutaNo.swift */ = {isa = PBXFileReference; lastKnownFileType = sourcecode.swift; path = KarutaNo.swift; sourceTree = "<group>"; };
		FA0289432570CBBA003ADE9C /* KamiNoKu.swift */ = {isa = PBXFileReference; lastKnownFileType = sourcecode.swift; path = KamiNoKu.swift; sourceTree = "<group>"; };
		FA0289482570CD72003ADE9C /* ShimoNoKu.swift */ = {isa = PBXFileReference; lastKnownFileType = sourcecode.swift; path = ShimoNoKu.swift; sourceTree = "<group>"; };
		FA02894D2570D053003ADE9C /* KarutaColor.swift */ = {isa = PBXFileReference; lastKnownFileType = sourcecode.swift; path = KarutaColor.swift; sourceTree = "<group>"; };
		FA0289522570D107003ADE9C /* Kimariji.swift */ = {isa = PBXFileReference; lastKnownFileType = sourcecode.swift; path = Kimariji.swift; sourceTree = "<group>"; };
		FA028974257A00DA003ADE9C /* SplashViewController.swift */ = {isa = PBXFileReference; lastKnownFileType = sourcecode.swift; path = SplashViewController.swift; sourceTree = "<group>"; };
		FA02897E257A0626003ADE9C /* Splash.storyboard */ = {isa = PBXFileReference; lastKnownFileType = file.storyboard; path = Splash.storyboard; sourceTree = "<group>"; };
		FA0EC59B259694C0003B4FEE /* Material.swift */ = {isa = PBXFileReference; lastKnownFileType = sourcecode.swift; path = Material.swift; sourceTree = "<group>"; };
		FA0EC5A625972389003B4FEE /* KanjiFormatter.swift */ = {isa = PBXFileReference; lastKnownFileType = sourcecode.swift; path = KanjiFormatter.swift; sourceTree = "<group>"; };
		FA0EC5AB2597EAEF003B4FEE /* RangeCondition.swift */ = {isa = PBXFileReference; lastKnownFileType = sourcecode.swift; path = RangeCondition.swift; sourceTree = "<group>"; };
		FA0EC5B02597EE45003B4FEE /* TrainingModel.swift */ = {isa = PBXFileReference; lastKnownFileType = sourcecode.swift; path = TrainingModel.swift; sourceTree = "<group>"; };
		FA0EC5B52597EE50003B4FEE /* TrainingPresenter.swift */ = {isa = PBXFileReference; lastKnownFileType = sourcecode.swift; path = TrainingPresenter.swift; sourceTree = "<group>"; };
		FA0EC5C22599B199003B4FEE /* KimarijiCondition.swift */ = {isa = PBXFileReference; lastKnownFileType = sourcecode.swift; path = KimarijiCondition.swift; sourceTree = "<group>"; };
		FA0EC5C72599B749003B4FEE /* ColorCondition.swift */ = {isa = PBXFileReference; lastKnownFileType = sourcecode.swift; path = ColorCondition.swift; sourceTree = "<group>"; };
		FA0EC5CC2599BB3A003B4FEE /* DisplayStyleCondition.swift */ = {isa = PBXFileReference; lastKnownFileType = sourcecode.swift; path = DisplayStyleCondition.swift; sourceTree = "<group>"; };
		FA0EC5D12599BBAE003B4FEE /* AnimationSpeedCondition.swift */ = {isa = PBXFileReference; lastKnownFileType = sourcecode.swift; path = AnimationSpeedCondition.swift; sourceTree = "<group>"; };
		FA0ED108259F76BC00D41DBA /* ToriFudaView.swift */ = {isa = PBXFileReference; lastKnownFileType = sourcecode.swift; path = ToriFudaView.swift; sourceTree = "<group>"; };
		FA0ED10D259F854900D41DBA /* YomiFudaView.swift */ = {isa = PBXFileReference; lastKnownFileType = sourcecode.swift; path = YomiFudaView.swift; sourceTree = "<group>"; };
		FA0ED11525A0CA4D00D41DBA /* VerticalLabel.swift */ = {isa = PBXFileReference; lastKnownFileType = sourcecode.swift; path = VerticalLabel.swift; sourceTree = "<group>"; };
		FA12E2D525A356B300C057B6 /* AnswerViewController.swift */ = {isa = PBXFileReference; lastKnownFileType = sourcecode.swift; path = AnswerViewController.swift; sourceTree = "<group>"; };
		FA12E2DD25A3BFD200C057B6 /* FudaView.swift */ = {isa = PBXFileReference; lastKnownFileType = sourcecode.swift; path = FudaView.swift; sourceTree = "<group>"; };
		FA142B0425A82D5C005218F4 /* ExamHistoryId.swift */ = {isa = PBXFileReference; lastKnownFileType = sourcecode.swift; path = ExamHistoryId.swift; sourceTree = "<group>"; };
		FA142B1125A82DD9005218F4 /* ExamHitory.swift */ = {isa = PBXFileReference; lastKnownFileType = sourcecode.swift; path = ExamHitory.swift; sourceTree = "<group>"; };
		FA142B1625A82EF0005218F4 /* ExamHistoryRepository.swift */ = {isa = PBXFileReference; lastKnownFileType = sourcecode.swift; path = ExamHistoryRepository.swift; sourceTree = "<group>"; };
		FA142B3125A83834005218F4 /* KarutaRepositoryImpl.swift */ = {isa = PBXFileReference; lastKnownFileType = sourcecode.swift; path = KarutaRepositoryImpl.swift; sourceTree = "<group>"; };
		FA142B3C25A8390A005218F4 /* KarutaRepository.swift */ = {isa = PBXFileReference; lastKnownFileType = sourcecode.swift; path = KarutaRepository.swift; sourceTree = "<group>"; };
		FA142B4125A839E1005218F4 /* QuestionRepositoryImpl.swift */ = {isa = PBXFileReference; lastKnownFileType = sourcecode.swift; path = QuestionRepositoryImpl.swift; sourceTree = "<group>"; };
		FA142B4625A83AC5005218F4 /* ExamHistoryRepositoryImpl.swift */ = {isa = PBXFileReference; lastKnownFileType = sourcecode.swift; path = ExamHistoryRepositoryImpl.swift; sourceTree = "<group>"; };
		FA142B4B25A8454A005218F4 /* ExamHistoryCollection.swift */ = {isa = PBXFileReference; lastKnownFileType = sourcecode.swift; path = ExamHistoryCollection.swift; sourceTree = "<group>"; };
		FA142B5325A84C8A005218F4 /* UIViewExtension.swift */ = {isa = PBXFileReference; lastKnownFileType = sourcecode.swift; path = UIViewExtension.swift; sourceTree = "<group>"; };
		FA178EE2259E0F58001C0311 /* QuestionPresenter.swift */ = {isa = PBXFileReference; lastKnownFileType = sourcecode.swift; path = QuestionPresenter.swift; sourceTree = "<group>"; };
		FA178EE7259E0F6B001C0311 /* QuestionModel.swift */ = {isa = PBXFileReference; lastKnownFileType = sourcecode.swift; path = QuestionModel.swift; sourceTree = "<group>"; };
		FA178EEC259E14B8001C0311 /* ToriFuda.swift */ = {isa = PBXFileReference; lastKnownFileType = sourcecode.swift; path = ToriFuda.swift; sourceTree = "<group>"; };
		FA178EF1259E172D001C0311 /* YomiFuda.swift */ = {isa = PBXFileReference; lastKnownFileType = sourcecode.swift; path = YomiFuda.swift; sourceTree = "<group>"; };
		FA178EF6259E1AD2001C0311 /* Play.swift */ = {isa = PBXFileReference; lastKnownFileType = sourcecode.swift; path = Play.swift; sourceTree = "<group>"; };
		FA1B78D425A9F612000DB361 /* ExamResultCollectionViewHeader.swift */ = {isa = PBXFileReference; lastKnownFileType = sourcecode.swift; path = ExamResultCollectionViewHeader.swift; sourceTree = "<group>"; };
		FA1B78DC25A9FCC9000DB361 /* ExamResultCollectionViewCell.swift */ = {isa = PBXFileReference; lastKnownFileType = sourcecode.swift; path = ExamResultCollectionViewCell.swift; sourceTree = "<group>"; };
		FA1B78E125AA074D000DB361 /* ExamResultCollectionViewFooter.swift */ = {isa = PBXFileReference; lastKnownFileType = sourcecode.swift; path = ExamResultCollectionViewFooter.swift; sourceTree = "<group>"; };
		FA27E25C257055FC001132A3 /* Hyakuninisshu.app */ = {isa = PBXFileReference; explicitFileType = wrapper.application; includeInIndex = 0; path = Hyakuninisshu.app; sourceTree = BUILT_PRODUCTS_DIR; };
		FA27E25F257055FC001132A3 /* AppDelegate.swift */ = {isa = PBXFileReference; lastKnownFileType = sourcecode.swift; path = AppDelegate.swift; sourceTree = "<group>"; };
		FA27E261257055FC001132A3 /* SceneDelegate.swift */ = {isa = PBXFileReference; lastKnownFileType = sourcecode.swift; path = SceneDelegate.swift; sourceTree = "<group>"; };
		FA27E266257055FC001132A3 /* Base */ = {isa = PBXFileReference; lastKnownFileType = file.storyboard; name = Base; path = Base.lproj/Main.storyboard; sourceTree = "<group>"; };
		FA27E269257055FC001132A3 /* Hyakuninisshu.xcdatamodel */ = {isa = PBXFileReference; lastKnownFileType = wrapper.xcdatamodel; path = Hyakuninisshu.xcdatamodel; sourceTree = "<group>"; };
		FA27E26B257055FF001132A3 /* Assets.xcassets */ = {isa = PBXFileReference; lastKnownFileType = folder.assetcatalog; path = Assets.xcassets; sourceTree = "<group>"; };
		FA27E26E257055FF001132A3 /* Base */ = {isa = PBXFileReference; lastKnownFileType = file.storyboard; name = Base; path = Base.lproj/LaunchScreen.storyboard; sourceTree = "<group>"; };
		FA27E270257055FF001132A3 /* Info.plist */ = {isa = PBXFileReference; lastKnownFileType = text.plist.xml; path = Info.plist; sourceTree = "<group>"; };
		FA27E275257055FF001132A3 /* HyakuninisshuTests.xctest */ = {isa = PBXFileReference; explicitFileType = wrapper.cfbundle; includeInIndex = 0; path = HyakuninisshuTests.xctest; sourceTree = BUILT_PRODUCTS_DIR; };
		FA27E279257055FF001132A3 /* HyakuninisshuTests.swift */ = {isa = PBXFileReference; lastKnownFileType = sourcecode.swift; path = HyakuninisshuTests.swift; sourceTree = "<group>"; };
		FA27E27B257055FF001132A3 /* Info.plist */ = {isa = PBXFileReference; lastKnownFileType = text.plist.xml; path = Info.plist; sourceTree = "<group>"; };
		FA27E280257055FF001132A3 /* HyakuninisshuUITests.xctest */ = {isa = PBXFileReference; explicitFileType = wrapper.cfbundle; includeInIndex = 0; path = HyakuninisshuUITests.xctest; sourceTree = BUILT_PRODUCTS_DIR; };
		FA27E284257055FF001132A3 /* HyakuninisshuUITests.swift */ = {isa = PBXFileReference; lastKnownFileType = sourcecode.swift; path = HyakuninisshuUITests.swift; sourceTree = "<group>"; };
		FA27E286257055FF001132A3 /* Info.plist */ = {isa = PBXFileReference; lastKnownFileType = text.plist.xml; path = Info.plist; sourceTree = "<group>"; };
		FA2C3C2025D1864000790429 /* CreditViewController.swift */ = {isa = PBXFileReference; lastKnownFileType = sourcecode.swift; path = CreditViewController.swift; sourceTree = "<group>"; };
		FA2C3C2525D1871900790429 /* license.html */ = {isa = PBXFileReference; fileEncoding = 4; lastKnownFileType = text.html; path = license.html; sourceTree = "<group>"; };
		FA2D7AD22581781800C6134B /* UIViewControllerExtension.swift */ = {isa = PBXFileReference; lastKnownFileType = sourcecode.swift; path = UIViewControllerExtension.swift; sourceTree = "<group>"; };
		FA2D7AF62583192A00C6134B /* MaterialTableViewCell.swift */ = {isa = PBXFileReference; lastKnownFileType = sourcecode.swift; path = MaterialTableViewCell.swift; sourceTree = "<group>"; };
		FA2D7AFE258350B400C6134B /* UIImageViewExtension.swift */ = {isa = PBXFileReference; lastKnownFileType = sourcecode.swift; path = UIImageViewExtension.swift; sourceTree = "<group>"; };
		FA2D7B04258361F800C6134B /* EntranceTabBarController.swift */ = {isa = PBXFileReference; lastKnownFileType = sourcecode.swift; path = EntranceTabBarController.swift; sourceTree = "<group>"; };
		FA2D7B132584234300C6134B /* MaterialDetailViewController.swift */ = {isa = PBXFileReference; lastKnownFileType = sourcecode.swift; path = MaterialDetailViewController.swift; sourceTree = "<group>"; };
		FA31034725C3C790004452F7 /* hannari.otf */ = {isa = PBXFileReference; lastKnownFileType = file; path = hannari.otf; sourceTree = "<group>"; };
		FA31034C25C3CB04004452F7 /* UIFontExtension.swift */ = {isa = PBXFileReference; lastKnownFileType = sourcecode.swift; path = UIFontExtension.swift; sourceTree = "<group>"; };
		FA31035125C3DD0B004452F7 /* UIColorExtension.swift */ = {isa = PBXFileReference; lastKnownFileType = sourcecode.swift; path = UIColorExtension.swift; sourceTree = "<group>"; };
		FA35DB052592DA0D00B2DA55 /* QuestionId.swift */ = {isa = PBXFileReference; lastKnownFileType = sourcecode.swift; path = QuestionId.swift; sourceTree = "<group>"; };
		FA35DB0A2592DA9D00B2DA55 /* QuestionState.swift */ = {isa = PBXFileReference; lastKnownFileType = sourcecode.swift; path = QuestionState.swift; sourceTree = "<group>"; };
		FA35DB0F2592DB3A00B2DA55 /* QuestionResult.swift */ = {isa = PBXFileReference; lastKnownFileType = sourcecode.swift; path = QuestionResult.swift; sourceTree = "<group>"; };
		FA35DB142592DB4900B2DA55 /* QuestionJudgement.swift */ = {isa = PBXFileReference; lastKnownFileType = sourcecode.swift; path = QuestionJudgement.swift; sourceTree = "<group>"; };
		FA35DB192592DDC000B2DA55 /* Question.swift */ = {isa = PBXFileReference; lastKnownFileType = sourcecode.swift; path = Question.swift; sourceTree = "<group>"; };
		FA35DB1E2592DF0E00B2DA55 /* QuestionRepository.swift */ = {isa = PBXFileReference; lastKnownFileType = sourcecode.swift; path = QuestionRepository.swift; sourceTree = "<group>"; };
		FA35DB232592DF2400B2DA55 /* DomainError.swift */ = {isa = PBXFileReference; lastKnownFileType = sourcecode.swift; path = DomainError.swift; sourceTree = "<group>"; };
		FA35DB292592DFEE00B2DA55 /* CreateQuestionsService.swift */ = {isa = PBXFileReference; lastKnownFileType = sourcecode.swift; path = CreateQuestionsService.swift; sourceTree = "<group>"; };
		FA35DB312592E14000B2DA55 /* KarutaNoCollection.swift */ = {isa = PBXFileReference; lastKnownFileType = sourcecode.swift; path = KarutaNoCollection.swift; sourceTree = "<group>"; };
		FA35DB3D259310C000B2DA55 /* TrainingViewController.swift */ = {isa = PBXFileReference; lastKnownFileType = sourcecode.swift; path = TrainingViewController.swift; sourceTree = "<group>"; };
		FA3BA3DA25A5179600841087 /* TrainingResultViewController.swift */ = {isa = PBXFileReference; lastKnownFileType = sourcecode.swift; path = TrainingResultViewController.swift; sourceTree = "<group>"; };
		FA3BA3DF25A53D7C00841087 /* QuestionCollection.swift */ = {isa = PBXFileReference; lastKnownFileType = sourcecode.swift; path = QuestionCollection.swift; sourceTree = "<group>"; };
		FA3BA3E425A540BD00841087 /* QuestionResultScore.swift */ = {isa = PBXFileReference; lastKnownFileType = sourcecode.swift; path = QuestionResultScore.swift; sourceTree = "<group>"; };
		FA3BA3E925A5FC1C00841087 /* TrainingResult.swift */ = {isa = PBXFileReference; lastKnownFileType = sourcecode.swift; path = TrainingResult.swift; sourceTree = "<group>"; };
		FA56085B259B13510059AF7D /* QuestionStarterViewController.swift */ = {isa = PBXFileReference; lastKnownFileType = sourcecode.swift; path = QuestionStarterViewController.swift; sourceTree = "<group>"; };
		FA560864259B13940059AF7D /* QuestionViewController.swift */ = {isa = PBXFileReference; lastKnownFileType = sourcecode.swift; path = QuestionViewController.swift; sourceTree = "<group>"; };
		FA56086C259B21DB0059AF7D /* QuestionStarterPresenter.swift */ = {isa = PBXFileReference; lastKnownFileType = sourcecode.swift; path = QuestionStarterPresenter.swift; sourceTree = "<group>"; };
		FA560871259B21E70059AF7D /* QuestionStarterModel.swift */ = {isa = PBXFileReference; lastKnownFileType = sourcecode.swift; path = QuestionStarterModel.swift; sourceTree = "<group>"; };
		FA58E38A25C5A71500FA7FCF /* UserDefaultsExtension.swift */ = {isa = PBXFileReference; lastKnownFileType = sourcecode.swift; path = UserDefaultsExtension.swift; sourceTree = "<group>"; };
		FA58E39025C5AAF200FA7FCF /* SettingViewController.swift */ = {isa = PBXFileReference; lastKnownFileType = sourcecode.swift; path = SettingViewController.swift; sourceTree = "<group>"; };
		FA58E39525C5ABF700FA7FCF /* UIUserInterfaceStyleExtension.swift */ = {isa = PBXFileReference; lastKnownFileType = sourcecode.swift; path = UIUserInterfaceStyleExtension.swift; sourceTree = "<group>"; };
		FA58E39B25C5AF6C00FA7FCF /* DarkModeSettingViewController.swift */ = {isa = PBXFileReference; lastKnownFileType = sourcecode.swift; path = DarkModeSettingViewController.swift; sourceTree = "<group>"; };
		FA5E6A5825A74B80008EE33F /* UIStoryboardExtension.swift */ = {isa = PBXFileReference; lastKnownFileType = sourcecode.swift; path = UIStoryboardExtension.swift; sourceTree = "<group>"; };
		FA5E6A5D25A74BCA008EE33F /* ViewControllerIdentifier.swift */ = {isa = PBXFileReference; lastKnownFileType = sourcecode.swift; path = ViewControllerIdentifier.swift; sourceTree = "<group>"; };
		FA5E6A6525A7F9F5008EE33F /* UINavigationControllerExtension.swift */ = {isa = PBXFileReference; lastKnownFileType = sourcecode.swift; path = UINavigationControllerExtension.swift; sourceTree = "<group>"; };
		FA5E6A6B25A8051A008EE33F /* ExamViewController.swift */ = {isa = PBXFileReference; lastKnownFileType = sourcecode.swift; path = ExamViewController.swift; sourceTree = "<group>"; };
		FA5E6A7325A80525008EE33F /* ExamModel.swift */ = {isa = PBXFileReference; lastKnownFileType = sourcecode.swift; path = ExamModel.swift; sourceTree = "<group>"; };
		FA5E6A7825A8052F008EE33F /* ExamPresenter.swift */ = {isa = PBXFileReference; lastKnownFileType = sourcecode.swift; path = ExamPresenter.swift; sourceTree = "<group>"; };
		FA5FEFBC25AB463C00948165 /* PlayScore.swift */ = {isa = PBXFileReference; lastKnownFileType = sourcecode.swift; path = PlayScore.swift; sourceTree = "<group>"; };
		FA5FEFCA25AB5EB100948165 /* ExamHistoryModel.swift */ = {isa = PBXFileReference; lastKnownFileType = sourcecode.swift; path = ExamHistoryModel.swift; sourceTree = "<group>"; };
		FA5FEFCF25AB5EC100948165 /* ExamHistoryPresenter.swift */ = {isa = PBXFileReference; lastKnownFileType = sourcecode.swift; path = ExamHistoryPresenter.swift; sourceTree = "<group>"; };
		FA5FEFE225AD005600948165 /* ExamHistoryTableViewCell.swift */ = {isa = PBXFileReference; lastKnownFileType = sourcecode.swift; path = ExamHistoryTableViewCell.swift; sourceTree = "<group>"; };
		FA6BC59B25B130F000B2DEFE /* ValueObject.swift */ = {isa = PBXFileReference; lastKnownFileType = sourcecode.swift; path = ValueObject.swift; sourceTree = "<group>"; };
		FA6BC5A325B1310800B2DEFE /* EntityId.swift */ = {isa = PBXFileReference; lastKnownFileType = sourcecode.swift; path = EntityId.swift; sourceTree = "<group>"; };
		FA6BC5A825B1376200B2DEFE /* Entity.swift */ = {isa = PBXFileReference; lastKnownFileType = sourcecode.swift; path = Entity.swift; sourceTree = "<group>"; };
		FA6DEACA25A8550E00F8C349 /* karuta_list_v_3.json */ = {isa = PBXFileReference; lastKnownFileType = text.json; path = karuta_list_v_3.json; sourceTree = "<group>"; };
		FA8FBC3925B7106A00152176 /* ActionButton.swift */ = {isa = PBXFileReference; lastKnownFileType = sourcecode.swift; path = ActionButton.swift; sourceTree = "<group>"; };
		FA9EF1E32594712000265ED2 /* KeyboardPicker.swift */ = {isa = PBXFileReference; lastKnownFileType = sourcecode.swift; path = KeyboardPicker.swift; sourceTree = "<group>"; };
		FAB9E0D625A8A0C30038EA04 /* ExamResultViewController.swift */ = {isa = PBXFileReference; lastKnownFileType = sourcecode.swift; path = ExamResultViewController.swift; sourceTree = "<group>"; };
		FAB9E0E825A8A3640038EA04 /* AnswerModel.swift */ = {isa = PBXFileReference; lastKnownFileType = sourcecode.swift; path = AnswerModel.swift; sourceTree = "<group>"; };
		FAB9E0ED25A8A3700038EA04 /* AnswerPresenter.swift */ = {isa = PBXFileReference; lastKnownFileType = sourcecode.swift; path = AnswerPresenter.swift; sourceTree = "<group>"; };
		FAB9E0F825A8B6530038EA04 /* ExamResult.swift */ = {isa = PBXFileReference; lastKnownFileType = sourcecode.swift; path = ExamResult.swift; sourceTree = "<group>"; };
		FAC72D5425BC67FA0051A2BF /* QuestionResultView.swift */ = {isa = PBXFileReference; lastKnownFileType = sourcecode.swift; path = QuestionResultView.swift; sourceTree = "<group>"; };
		FACB599425B482F100B4ACFA /* UnexpectedErrorViewController.swift */ = {isa = PBXFileReference; lastKnownFileType = sourcecode.swift; path = UnexpectedErrorViewController.swift; sourceTree = "<group>"; };
		FACC8B2325B1844F00579F96 /* DIContainer.swift */ = {isa = PBXFileReference; lastKnownFileType = sourcecode.swift; path = DIContainer.swift; sourceTree = "<group>"; };
		FACC8B2B25B1D75C00579F96 /* Error.storyboard */ = {isa = PBXFileReference; lastKnownFileType = file.storyboard; path = Error.storyboard; sourceTree = "<group>"; };
		FACC8B3025B1E0E400579F96 /* PresentationError.swift */ = {isa = PBXFileReference; lastKnownFileType = sourcecode.swift; path = PresentationError.swift; sourceTree = "<group>"; };
		FACCA29C25CD914F00D5D3C3 /* ExamHistoryViewController.swift */ = {isa = PBXFileReference; lastKnownFileType = sourcecode.swift; path = ExamHistoryViewController.swift; sourceTree = "<group>"; };
		FAD1686D25CCF06A00A447A1 /* GADBannerViewExtension.swift */ = {isa = PBXFileReference; lastKnownFileType = sourcecode.swift; path = GADBannerViewExtension.swift; sourceTree = "<group>"; };
		FAD1687825CD099600A447A1 /* MaterialViewController.swift */ = {isa = PBXFileReference; lastKnownFileType = sourcecode.swift; path = MaterialViewController.swift; sourceTree = "<group>"; };
		FAD1687D25CD0CC500A447A1 /* MaterialModel.swift */ = {isa = PBXFileReference; lastKnownFileType = sourcecode.swift; path = MaterialModel.swift; sourceTree = "<group>"; };
		FAD1688225CD0D2F00A447A1 /* MaterialPresenter.swift */ = {isa = PBXFileReference; lastKnownFileType = sourcecode.swift; path = MaterialPresenter.swift; sourceTree = "<group>"; };
		FAD9677425C6FD7D009936AD /* PrivacyPolicyViewController.swift */ = {isa = PBXFileReference; lastKnownFileType = sourcecode.swift; path = PrivacyPolicyViewController.swift; sourceTree = "<group>"; };
		FAD9677925C75D0F009936AD /* AboutAdViewController.swift */ = {isa = PBXFileReference; lastKnownFileType = sourcecode.swift; path = AboutAdViewController.swift; sourceTree = "<group>"; };
		FAF4EBBA25CE61B3006BABF5 /* AdController.swift */ = {isa = PBXFileReference; lastKnownFileType = sourcecode.swift; path = AdController.swift; sourceTree = "<group>"; };
		FAF4EBC225CE70A7006BABF5 /* .env */ = {isa = PBXFileReference; lastKnownFileType = text; path = .env; sourceTree = "<group>"; };
		FAF4EBC725CE74DD006BABF5 /* .debug.env */ = {isa = PBXFileReference; lastKnownFileType = text; path = .debug.env; sourceTree = "<group>"; };
		FAF4EBD825CED9D7006BABF5 /* GoogleService-Info-Release.plist */ = {isa = PBXFileReference; fileEncoding = 4; lastKnownFileType = text.plist.xml; path = "GoogleService-Info-Release.plist"; sourceTree = "<group>"; };
		FAF4EBD925CED9D7006BABF5 /* GoogleService-Info-Debug.plist */ = {isa = PBXFileReference; fileEncoding = 4; lastKnownFileType = text.plist.xml; path = "GoogleService-Info-Debug.plist"; sourceTree = "<group>"; };
		FAF4EBE025CED9F6006BABF5 /* Env.swift */ = {isa = PBXFileReference; lastKnownFileType = sourcecode.swift; path = Env.swift; sourceTree = "<group>"; };
		FAF7E07225DBB62300017290 /* Score.swift */ = {isa = PBXFileReference; lastKnownFileType = sourcecode.swift; path = Score.swift; sourceTree = "<group>"; };
		FEE95F1FA685359C0B15F61D /* Pods-Hyakuninisshu-HyakuninisshuUITests.debug.xcconfig */ = {isa = PBXFileReference; includeInIndex = 1; lastKnownFileType = text.xcconfig; name = "Pods-Hyakuninisshu-HyakuninisshuUITests.debug.xcconfig"; path = "Target Support Files/Pods-Hyakuninisshu-HyakuninisshuUITests/Pods-Hyakuninisshu-HyakuninisshuUITests.debug.xcconfig"; sourceTree = "<group>"; };
/* End PBXFileReference section */

/* Begin PBXFrameworksBuildPhase section */
		FA27E259257055FC001132A3 /* Frameworks */ = {
			isa = PBXFrameworksBuildPhase;
			buildActionMask = 2147483647;
			files = (
				1E2ACBB78DB2157D92324CA7 /* Pods_Hyakuninisshu.framework in Frameworks */,
			);
			runOnlyForDeploymentPostprocessing = 0;
		};
		FA27E272257055FF001132A3 /* Frameworks */ = {
			isa = PBXFrameworksBuildPhase;
			buildActionMask = 2147483647;
			files = (
				F7B3885135B50387FF4BA5AB /* Pods_HyakuninisshuTests.framework in Frameworks */,
			);
			runOnlyForDeploymentPostprocessing = 0;
		};
		FA27E27D257055FF001132A3 /* Frameworks */ = {
			isa = PBXFrameworksBuildPhase;
			buildActionMask = 2147483647;
			files = (
				1B67C6FDBAAC86FDC76B5F59 /* Pods_Hyakuninisshu_HyakuninisshuUITests.framework in Frameworks */,
			);
			runOnlyForDeploymentPostprocessing = 0;
		};
/* End PBXFrameworksBuildPhase section */

/* Begin PBXGroup section */
		2068DBA49D3260ACFA8394D3 /* Pods */ = {
			isa = PBXGroup;
			children = (
				5F4D61FCD12498A794128730 /* Pods-Hyakuninisshu.debug.xcconfig */,
				922815807AE272501646F324 /* Pods-Hyakuninisshu.release.xcconfig */,
				FEE95F1FA685359C0B15F61D /* Pods-Hyakuninisshu-HyakuninisshuUITests.debug.xcconfig */,
				B5A6D833ED7727B947135122 /* Pods-Hyakuninisshu-HyakuninisshuUITests.release.xcconfig */,
				B2FAAF1DB8E2AE43782FC5C2 /* Pods-HyakuninisshuTests.debug.xcconfig */,
				3540D85C37BAF640F6C7DDD4 /* Pods-HyakuninisshuTests.release.xcconfig */,
			);
			path = Pods;
			sourceTree = "<group>";
		};
		C375EDF489E26E4239BB2C42 /* Frameworks */ = {
			isa = PBXGroup;
			children = (
				8FC75B81B91677A4AD4FDAFE /* Pods_Hyakuninisshu.framework */,
				927245D23992DBC54A8F0392 /* Pods_Hyakuninisshu_HyakuninisshuUITests.framework */,
				7ADB8258C8DA4D2BCC476D56 /* Pods_HyakuninisshuTests.framework */,
			);
			name = Frameworks;
			sourceTree = "<group>";
		};
		FA0289322570A32D003ADE9C /* Domains */ = {
			isa = PBXGroup;
			children = (
				FACC8B1B25B1631F00579F96 /* Errors */,
				FA35DB282592DFD800B2DA55 /* Services */,
				FA02895725783E32003ADE9C /* Repositories */,
				FA0289332570A338003ADE9C /* Models */,
			);
			path = Domains;
			sourceTree = "<group>";
		};
		FA0289332570A338003ADE9C /* Models */ = {
			isa = PBXGroup;
			children = (
				FA0289342570A390003ADE9C /* Karuta.swift */,
				FA0289522570D107003ADE9C /* Kimariji.swift */,
				FA02894D2570D053003ADE9C /* KarutaColor.swift */,
				FA0289392570BEDF003ADE9C /* Verse.swift */,
				FA0289432570CBBA003ADE9C /* KamiNoKu.swift */,
				FA0289482570CD72003ADE9C /* ShimoNoKu.swift */,
				FA02893E2570C194003ADE9C /* KarutaNo.swift */,
				FA35DB052592DA0D00B2DA55 /* QuestionId.swift */,
				FA35DB0A2592DA9D00B2DA55 /* QuestionState.swift */,
				FA35DB0F2592DB3A00B2DA55 /* QuestionResult.swift */,
				FA3BA3E425A540BD00841087 /* QuestionResultScore.swift */,
				FA3BA3DF25A53D7C00841087 /* QuestionCollection.swift */,
				FA35DB192592DDC000B2DA55 /* Question.swift */,
				FA35DB142592DB4900B2DA55 /* QuestionJudgement.swift */,
				FA35DB312592E14000B2DA55 /* KarutaNoCollection.swift */,
				FA142B0425A82D5C005218F4 /* ExamHistoryId.swift */,
				FA142B1125A82DD9005218F4 /* ExamHitory.swift */,
				FA142B4B25A8454A005218F4 /* ExamHistoryCollection.swift */,
				FA6BC59B25B130F000B2DEFE /* ValueObject.swift */,
				FA6BC5A325B1310800B2DEFE /* EntityId.swift */,
				FA6BC5A825B1376200B2DEFE /* Entity.swift */,
			);
			path = Models;
			sourceTree = "<group>";
		};
		FA02895725783E32003ADE9C /* Repositories */ = {
			isa = PBXGroup;
			children = (
				FA35DB1E2592DF0E00B2DA55 /* QuestionRepository.swift */,
				FA142B1625A82EF0005218F4 /* ExamHistoryRepository.swift */,
				FA142B3C25A8390A005218F4 /* KarutaRepository.swift */,
			);
			path = Repositories;
			sourceTree = "<group>";
		};
		FA028972257A0096003ADE9C /* Presentations */ = {
			isa = PBXGroup;
			children = (
				FAB9E0CE25A89F7B0038EA04 /* Components */,
				FA0EC5A525972355003B4FEE /* Utils */,
				FA0EC59A2596948C003B4FEE /* PresentationModels */,
				FA5E6A5725A74B67008EE33F /* Extensions */,
				FA3BA3FC25A7016A00841087 /* Features */,
			);
			path = Presentations;
			sourceTree = "<group>";
		};
		FA028973257A00AE003ADE9C /* Splash */ = {
			isa = PBXGroup;
			children = (
				FA028974257A00DA003ADE9C /* SplashViewController.swift */,
			);
			path = Splash;
			sourceTree = "<group>";
		};
		FA0EC59A2596948C003B4FEE /* PresentationModels */ = {
			isa = PBXGroup;
			children = (
				FA0EC59B259694C0003B4FEE /* Material.swift */,
				FA0EC5AB2597EAEF003B4FEE /* RangeCondition.swift */,
				FA0EC5C22599B199003B4FEE /* KimarijiCondition.swift */,
				FA0EC5C72599B749003B4FEE /* ColorCondition.swift */,
				FA0EC5CC2599BB3A003B4FEE /* DisplayStyleCondition.swift */,
				FA0EC5D12599BBAE003B4FEE /* AnimationSpeedCondition.swift */,
				FA178EEC259E14B8001C0311 /* ToriFuda.swift */,
				FA178EF1259E172D001C0311 /* YomiFuda.swift */,
				FA178EF6259E1AD2001C0311 /* Play.swift */,
				FA3BA3E925A5FC1C00841087 /* TrainingResult.swift */,
				FAB9E0F825A8B6530038EA04 /* ExamResult.swift */,
				FA5FEFBC25AB463C00948165 /* PlayScore.swift */,
				FACC8B3025B1E0E400579F96 /* PresentationError.swift */,
				FAF7E07225DBB62300017290 /* Score.swift */,
			);
			path = PresentationModels;
			sourceTree = "<group>";
		};
		FA0EC5A525972355003B4FEE /* Utils */ = {
			isa = PBXGroup;
			children = (
				FA0EC5A625972389003B4FEE /* KanjiFormatter.swift */,
			);
			path = Utils;
			sourceTree = "<group>";
		};
		FA12E2D425A3569800C057B6 /* Answer */ = {
			isa = PBXGroup;
			children = (
				FA12E2D525A356B300C057B6 /* AnswerViewController.swift */,
				FAB9E0E825A8A3640038EA04 /* AnswerModel.swift */,
				FAB9E0ED25A8A3700038EA04 /* AnswerPresenter.swift */,
			);
			path = Answer;
			sourceTree = "<group>";
		};
		FA142B1B25A8362C005218F4 /* Repositories */ = {
			isa = PBXGroup;
			children = (
				FA142B3125A83834005218F4 /* KarutaRepositoryImpl.swift */,
				FA142B4125A839E1005218F4 /* QuestionRepositoryImpl.swift */,
				FA142B4625A83AC5005218F4 /* ExamHistoryRepositoryImpl.swift */,
			);
			path = Repositories;
			sourceTree = "<group>";
		};
		FA27E253257055FC001132A3 = {
			isa = PBXGroup;
			children = (
				FA27E25E257055FC001132A3 /* Hyakuninisshu */,
				FA27E278257055FF001132A3 /* HyakuninisshuTests */,
				FA27E283257055FF001132A3 /* HyakuninisshuUITests */,
				FA27E25D257055FC001132A3 /* Products */,
				2068DBA49D3260ACFA8394D3 /* Pods */,
				C375EDF489E26E4239BB2C42 /* Frameworks */,
			);
			sourceTree = "<group>";
		};
		FA27E25D257055FC001132A3 /* Products */ = {
			isa = PBXGroup;
			children = (
				FA27E25C257055FC001132A3 /* Hyakuninisshu.app */,
				FA27E275257055FF001132A3 /* HyakuninisshuTests.xctest */,
				FA27E280257055FF001132A3 /* HyakuninisshuUITests.xctest */,
			);
			name = Products;
			sourceTree = "<group>";
		};
		FA27E25E257055FC001132A3 /* Hyakuninisshu */ = {
			isa = PBXGroup;
			children = (
				FA2C3C0C25D183EB00790429 /* Licenses */,
				FA31034725C3C790004452F7 /* hannari.otf */,
				FAF4EBD625CED9D6006BABF5 /* Configs */,
				FACC8B2225B1841F00579F96 /* DI */,
				FA5E6A6A25A803DB008EE33F /* Infrastructures */,
				FA028972257A0096003ADE9C /* Presentations */,
				FA0289322570A32D003ADE9C /* Domains */,
				FA27E25F257055FC001132A3 /* AppDelegate.swift */,
				FA27E261257055FC001132A3 /* SceneDelegate.swift */,
				FA02897E257A0626003ADE9C /* Splash.storyboard */,
				FA27E265257055FC001132A3 /* Main.storyboard */,
				FACC8B2B25B1D75C00579F96 /* Error.storyboard */,
				FA27E26B257055FF001132A3 /* Assets.xcassets */,
				FA27E26D257055FF001132A3 /* LaunchScreen.storyboard */,
				FA27E270257055FF001132A3 /* Info.plist */,
				FA27E268257055FC001132A3 /* Hyakuninisshu.xcdatamodeld */,
				FAF4EBC225CE70A7006BABF5 /* .env */,
				FAF4EBC725CE74DD006BABF5 /* .debug.env */,
			);
			path = Hyakuninisshu;
			sourceTree = "<group>";
		};
		FA27E278257055FF001132A3 /* HyakuninisshuTests */ = {
			isa = PBXGroup;
			children = (
				FA27E279257055FF001132A3 /* HyakuninisshuTests.swift */,
				FA27E27B257055FF001132A3 /* Info.plist */,
			);
			path = HyakuninisshuTests;
			sourceTree = "<group>";
		};
		FA27E283257055FF001132A3 /* HyakuninisshuUITests */ = {
			isa = PBXGroup;
			children = (
				FA27E284257055FF001132A3 /* HyakuninisshuUITests.swift */,
				FA27E286257055FF001132A3 /* Info.plist */,
			);
			path = HyakuninisshuUITests;
			sourceTree = "<group>";
		};
		FA2C3C0C25D183EB00790429 /* Licenses */ = {
			isa = PBXGroup;
			children = (
				FA2C3C2525D1871900790429 /* license.html */,
			);
			path = Licenses;
			sourceTree = "<group>";
		};
		FA2D7ADA25817A4600C6134B /* Material */ = {
			isa = PBXGroup;
			children = (
				FAD1687D25CD0CC500A447A1 /* MaterialModel.swift */,
				FAD1687825CD099600A447A1 /* MaterialViewController.swift */,
				FAD1688225CD0D2F00A447A1 /* MaterialPresenter.swift */,
			);
			path = Material;
			sourceTree = "<group>";
		};
		FA2D7B03258361C300C6134B /* Entrance */ = {
			isa = PBXGroup;
			children = (
				FA2D7B04258361F800C6134B /* EntranceTabBarController.swift */,
			);
			path = Entrance;
			sourceTree = "<group>";
		};
		FA2D7B122584231C00C6134B /* MaterialDetail */ = {
			isa = PBXGroup;
			children = (
				FA2D7B132584234300C6134B /* MaterialDetailViewController.swift */,
			);
			path = MaterialDetail;
			sourceTree = "<group>";
		};
		FA35DB282592DFD800B2DA55 /* Services */ = {
			isa = PBXGroup;
			children = (
				FA35DB292592DFEE00B2DA55 /* CreateQuestionsService.swift */,
			);
			path = Services;
			sourceTree = "<group>";
		};
		FA35DB3C2593109F00B2DA55 /* Training */ = {
			isa = PBXGroup;
			children = (
				FA35DB3D259310C000B2DA55 /* TrainingViewController.swift */,
				FA0EC5B02597EE45003B4FEE /* TrainingModel.swift */,
				FA0EC5B52597EE50003B4FEE /* TrainingPresenter.swift */,
			);
			path = Training;
			sourceTree = "<group>";
		};
		FA3BA3D925A5177100841087 /* TrainingResult */ = {
			isa = PBXGroup;
			children = (
				FA3BA3DA25A5179600841087 /* TrainingResultViewController.swift */,
			);
			path = TrainingResult;
			sourceTree = "<group>";
		};
		FA3BA3F825A6EF7F00841087 /* Exam */ = {
			isa = PBXGroup;
			children = (
				FA5E6A6B25A8051A008EE33F /* ExamViewController.swift */,
				FA5E6A7325A80525008EE33F /* ExamModel.swift */,
				FA5E6A7825A8052F008EE33F /* ExamPresenter.swift */,
			);
			path = Exam;
			sourceTree = "<group>";
		};
		FA3BA3FC25A7016A00841087 /* Features */ = {
			isa = PBXGroup;
			children = (
				FAF4EBB925CE61A0006BABF5 /* Ad */,
				FA58E38F25C5AAD800FA7FCF /* Setting */,
				FACB599325B482C800B4ACFA /* UnexpectedError */,
				FA5FEFC125AB5E7D00948165 /* ExamHistory */,
				FAB9E0D525A8A0620038EA04 /* ExamResult */,
				FA3BA3F825A6EF7F00841087 /* Exam */,
				FA3BA3D925A5177100841087 /* TrainingResult */,
				FA12E2D425A3569800C057B6 /* Answer */,
				FA560863259B13820059AF7D /* Question */,
				FA56085A259B131D0059AF7D /* QuestionStarter */,
				FA35DB3C2593109F00B2DA55 /* Training */,
				FA2D7B122584231C00C6134B /* MaterialDetail */,
				FA2D7B03258361C300C6134B /* Entrance */,
				FA2D7ADA25817A4600C6134B /* Material */,
				FA028973257A00AE003ADE9C /* Splash */,
				FA5E6A5D25A74BCA008EE33F /* ViewControllerIdentifier.swift */,
			);
			path = Features;
			sourceTree = "<group>";
		};
		FA56085A259B131D0059AF7D /* QuestionStarter */ = {
			isa = PBXGroup;
			children = (
				FA56085B259B13510059AF7D /* QuestionStarterViewController.swift */,
				FA56086C259B21DB0059AF7D /* QuestionStarterPresenter.swift */,
				FA560871259B21E70059AF7D /* QuestionStarterModel.swift */,
			);
			path = QuestionStarter;
			sourceTree = "<group>";
		};
		FA560863259B13820059AF7D /* Question */ = {
			isa = PBXGroup;
			children = (
				FA560864259B13940059AF7D /* QuestionViewController.swift */,
				FA178EE2259E0F58001C0311 /* QuestionPresenter.swift */,
				FA178EE7259E0F6B001C0311 /* QuestionModel.swift */,
			);
			path = Question;
			sourceTree = "<group>";
		};
		FA58E38F25C5AAD800FA7FCF /* Setting */ = {
			isa = PBXGroup;
			children = (
				FA58E39B25C5AF6C00FA7FCF /* DarkModeSettingViewController.swift */,
				FA58E39025C5AAF200FA7FCF /* SettingViewController.swift */,
				FAD9677425C6FD7D009936AD /* PrivacyPolicyViewController.swift */,
				FAD9677925C75D0F009936AD /* AboutAdViewController.swift */,
				FA2C3C2025D1864000790429 /* CreditViewController.swift */,
			);
			path = Setting;
			sourceTree = "<group>";
		};
		FA5E6A5725A74B67008EE33F /* Extensions */ = {
			isa = PBXGroup;
			children = (
				FA5E6A6525A7F9F5008EE33F /* UINavigationControllerExtension.swift */,
				FA2D7AFE258350B400C6134B /* UIImageViewExtension.swift */,
				FA2D7AD22581781800C6134B /* UIViewControllerExtension.swift */,
				FA5E6A5825A74B80008EE33F /* UIStoryboardExtension.swift */,
				FA142B5325A84C8A005218F4 /* UIViewExtension.swift */,
				FA31034C25C3CB04004452F7 /* UIFontExtension.swift */,
				FA31035125C3DD0B004452F7 /* UIColorExtension.swift */,
				FA58E38A25C5A71500FA7FCF /* UserDefaultsExtension.swift */,
				FA58E39525C5ABF700FA7FCF /* UIUserInterfaceStyleExtension.swift */,
				FAD1686D25CCF06A00A447A1 /* GADBannerViewExtension.swift */,
			);
			path = Extensions;
			sourceTree = "<group>";
		};
		FA5E6A6A25A803DB008EE33F /* Infrastructures */ = {
			isa = PBXGroup;
			children = (
				FA6DEAC925A854CF00F8C349 /* Assets */,
				FA142B1B25A8362C005218F4 /* Repositories */,
			);
			path = Infrastructures;
			sourceTree = "<group>";
		};
		FA5FEFC125AB5E7D00948165 /* ExamHistory */ = {
			isa = PBXGroup;
			children = (
				FA5FEFCA25AB5EB100948165 /* ExamHistoryModel.swift */,
				FA5FEFCF25AB5EC100948165 /* ExamHistoryPresenter.swift */,
				FACCA29C25CD914F00D5D3C3 /* ExamHistoryViewController.swift */,
			);
			path = ExamHistory;
			sourceTree = "<group>";
		};
		FA6DEAC925A854CF00F8C349 /* Assets */ = {
			isa = PBXGroup;
			children = (
				FA6DEACA25A8550E00F8C349 /* karuta_list_v_3.json */,
			);
			path = Assets;
			sourceTree = "<group>";
		};
		FAB9E0CE25A89F7B0038EA04 /* Components */ = {
			isa = PBXGroup;
			children = (
				FA2D7AF62583192A00C6134B /* MaterialTableViewCell.swift */,
				FA5FEFE225AD005600948165 /* ExamHistoryTableViewCell.swift */,
				FA12E2DD25A3BFD200C057B6 /* FudaView.swift */,
				FA0ED10D259F854900D41DBA /* YomiFudaView.swift */,
				FA9EF1E32594712000265ED2 /* KeyboardPicker.swift */,
				FA0ED108259F76BC00D41DBA /* ToriFudaView.swift */,
				FA0ED11525A0CA4D00D41DBA /* VerticalLabel.swift */,
				FA1B78D425A9F612000DB361 /* ExamResultCollectionViewHeader.swift */,
				FA1B78E125AA074D000DB361 /* ExamResultCollectionViewFooter.swift */,
				FA1B78DC25A9FCC9000DB361 /* ExamResultCollectionViewCell.swift */,
				FA8FBC3925B7106A00152176 /* ActionButton.swift */,
				FAC72D5425BC67FA0051A2BF /* QuestionResultView.swift */,
			);
			path = Components;
			sourceTree = "<group>";
		};
		FAB9E0D525A8A0620038EA04 /* ExamResult */ = {
			isa = PBXGroup;
			children = (
				FAB9E0D625A8A0C30038EA04 /* ExamResultViewController.swift */,
			);
			path = ExamResult;
			sourceTree = "<group>";
		};
		FACB599325B482C800B4ACFA /* UnexpectedError */ = {
			isa = PBXGroup;
			children = (
				FACB599425B482F100B4ACFA /* UnexpectedErrorViewController.swift */,
			);
			path = UnexpectedError;
			sourceTree = "<group>";
		};
		FACC8B1B25B1631F00579F96 /* Errors */ = {
			isa = PBXGroup;
			children = (
				FA35DB232592DF2400B2DA55 /* DomainError.swift */,
			);
			path = Errors;
			sourceTree = "<group>";
		};
		FACC8B2225B1841F00579F96 /* DI */ = {
			isa = PBXGroup;
			children = (
				FACC8B2325B1844F00579F96 /* DIContainer.swift */,
			);
			path = DI;
			sourceTree = "<group>";
		};
		FAF4EBB925CE61A0006BABF5 /* Ad */ = {
			isa = PBXGroup;
			children = (
				FAF4EBBA25CE61B3006BABF5 /* AdController.swift */,
			);
			path = Ad;
			sourceTree = "<group>";
		};
		FAF4EBD625CED9D6006BABF5 /* Configs */ = {
			isa = PBXGroup;
			children = (
				FAF4EBD825CED9D7006BABF5 /* GoogleService-Info-Release.plist */,
				FAF4EBD925CED9D7006BABF5 /* GoogleService-Info-Debug.plist */,
				FAF4EBE025CED9F6006BABF5 /* Env.swift */,
			);
			path = Configs;
			sourceTree = "<group>";
		};
/* End PBXGroup section */

/* Begin PBXNativeTarget section */
		FA27E25B257055FC001132A3 /* Hyakuninisshu */ = {
			isa = PBXNativeTarget;
			buildConfigurationList = FA27E289257055FF001132A3 /* Build configuration list for PBXNativeTarget "Hyakuninisshu" */;
			buildPhases = (
				AF233064538C1BF9891BA819 /* [CP] Check Pods Manifest.lock */,
				FA27E258257055FC001132A3 /* Sources */,
				FA27E259257055FC001132A3 /* Frameworks */,
				FAF4EBEB25CEE37C006BABF5 /* ShellScript */,
				FA1738F225CB758D001D13E6 /* ShellScript */,
				FA27E25A257055FC001132A3 /* Resources */,
				AEE3BF484BEBD00FC2425AB5 /* [CP] Embed Pods Frameworks */,
				FAF7E08B25DF83C000017290 /* ShellScript */,
			);
			buildRules = (
			);
			dependencies = (
			);
			name = Hyakuninisshu;
			productName = Hyakuninisshu;
			productReference = FA27E25C257055FC001132A3 /* Hyakuninisshu.app */;
			productType = "com.apple.product-type.application";
		};
		FA27E274257055FF001132A3 /* HyakuninisshuTests */ = {
			isa = PBXNativeTarget;
			buildConfigurationList = FA27E28C257055FF001132A3 /* Build configuration list for PBXNativeTarget "HyakuninisshuTests" */;
			buildPhases = (
				456C47B1B8C2C4F5CEABC982 /* [CP] Check Pods Manifest.lock */,
				FA27E271257055FF001132A3 /* Sources */,
				FA27E272257055FF001132A3 /* Frameworks */,
				FA27E273257055FF001132A3 /* Resources */,
			);
			buildRules = (
			);
			dependencies = (
				FA27E277257055FF001132A3 /* PBXTargetDependency */,
			);
			name = HyakuninisshuTests;
			productName = HyakuninisshuTests;
			productReference = FA27E275257055FF001132A3 /* HyakuninisshuTests.xctest */;
			productType = "com.apple.product-type.bundle.unit-test";
		};
		FA27E27F257055FF001132A3 /* HyakuninisshuUITests */ = {
			isa = PBXNativeTarget;
			buildConfigurationList = FA27E28F257055FF001132A3 /* Build configuration list for PBXNativeTarget "HyakuninisshuUITests" */;
			buildPhases = (
				0FC3D76FE340A4AD2FB71E22 /* [CP] Check Pods Manifest.lock */,
				FA27E27C257055FF001132A3 /* Sources */,
				FA27E27D257055FF001132A3 /* Frameworks */,
				FA27E27E257055FF001132A3 /* Resources */,
				6B0D537334303758F542F27F /* [CP] Embed Pods Frameworks */,
			);
			buildRules = (
			);
			dependencies = (
				FA27E282257055FF001132A3 /* PBXTargetDependency */,
			);
			name = HyakuninisshuUITests;
			productName = HyakuninisshuUITests;
			productReference = FA27E280257055FF001132A3 /* HyakuninisshuUITests.xctest */;
			productType = "com.apple.product-type.bundle.ui-testing";
		};
/* End PBXNativeTarget section */

/* Begin PBXProject section */
		FA27E254257055FC001132A3 /* Project object */ = {
			isa = PBXProject;
			attributes = {
				LastSwiftUpdateCheck = 1220;
				LastUpgradeCheck = 1220;
				TargetAttributes = {
					FA27E25B257055FC001132A3 = {
						CreatedOnToolsVersion = 12.2;
					};
					FA27E274257055FF001132A3 = {
						CreatedOnToolsVersion = 12.2;
						TestTargetID = FA27E25B257055FC001132A3;
					};
					FA27E27F257055FF001132A3 = {
						CreatedOnToolsVersion = 12.2;
						TestTargetID = FA27E25B257055FC001132A3;
					};
				};
			};
			buildConfigurationList = FA27E257257055FC001132A3 /* Build configuration list for PBXProject "Hyakuninisshu" */;
			compatibilityVersion = "Xcode 9.3";
			developmentRegion = en;
			hasScannedForEncodings = 0;
			knownRegions = (
				en,
				Base,
			);
			mainGroup = FA27E253257055FC001132A3;
			productRefGroup = FA27E25D257055FC001132A3 /* Products */;
			projectDirPath = "";
			projectRoot = "";
			targets = (
				FA27E25B257055FC001132A3 /* Hyakuninisshu */,
				FA27E274257055FF001132A3 /* HyakuninisshuTests */,
				FA27E27F257055FF001132A3 /* HyakuninisshuUITests */,
			);
		};
/* End PBXProject section */

/* Begin PBXResourcesBuildPhase section */
		FA27E25A257055FC001132A3 /* Resources */ = {
			isa = PBXResourcesBuildPhase;
			buildActionMask = 2147483647;
			files = (
				FA6DEACB25A8550E00F8C349 /* karuta_list_v_3.json in Resources */,
				FACC8B2C25B1D75C00579F96 /* Error.storyboard in Resources */,
				FAF4EBC825CE74DD006BABF5 /* .debug.env in Resources */,
				FAF4EBDB25CED9D7006BABF5 /* GoogleService-Info-Release.plist in Resources */,
				FA27E26F257055FF001132A3 /* LaunchScreen.storyboard in Resources */,
				FAF4EBC325CE70A7006BABF5 /* .env in Resources */,
				FA2C3C2625D1871900790429 /* license.html in Resources */,
				FA27E26C257055FF001132A3 /* Assets.xcassets in Resources */,
				FA02897F257A0626003ADE9C /* Splash.storyboard in Resources */,
				FA27E267257055FC001132A3 /* Main.storyboard in Resources */,
				FA31034825C3C790004452F7 /* hannari.otf in Resources */,
				FAF4EBDC25CED9D7006BABF5 /* GoogleService-Info-Debug.plist in Resources */,
			);
			runOnlyForDeploymentPostprocessing = 0;
		};
		FA27E273257055FF001132A3 /* Resources */ = {
			isa = PBXResourcesBuildPhase;
			buildActionMask = 2147483647;
			files = (
			);
			runOnlyForDeploymentPostprocessing = 0;
		};
		FA27E27E257055FF001132A3 /* Resources */ = {
			isa = PBXResourcesBuildPhase;
			buildActionMask = 2147483647;
			files = (
			);
			runOnlyForDeploymentPostprocessing = 0;
		};
/* End PBXResourcesBuildPhase section */

/* Begin PBXShellScriptBuildPhase section */
		0FC3D76FE340A4AD2FB71E22 /* [CP] Check Pods Manifest.lock */ = {
			isa = PBXShellScriptBuildPhase;
			buildActionMask = 2147483647;
			files = (
			);
			inputFileListPaths = (
			);
			inputPaths = (
				"${PODS_PODFILE_DIR_PATH}/Podfile.lock",
				"${PODS_ROOT}/Manifest.lock",
			);
			name = "[CP] Check Pods Manifest.lock";
			outputFileListPaths = (
			);
			outputPaths = (
				"$(DERIVED_FILE_DIR)/Pods-Hyakuninisshu-HyakuninisshuUITests-checkManifestLockResult.txt",
			);
			runOnlyForDeploymentPostprocessing = 0;
			shellPath = /bin/sh;
			shellScript = "diff \"${PODS_PODFILE_DIR_PATH}/Podfile.lock\" \"${PODS_ROOT}/Manifest.lock\" > /dev/null\nif [ $? != 0 ] ; then\n    # print error to STDERR\n    echo \"error: The sandbox is not in sync with the Podfile.lock. Run 'pod install' or update your CocoaPods installation.\" >&2\n    exit 1\nfi\n# This output is used by Xcode 'outputs' to avoid re-running this script phase.\necho \"SUCCESS\" > \"${SCRIPT_OUTPUT_FILE_0}\"\n";
			showEnvVarsInLog = 0;
		};
		456C47B1B8C2C4F5CEABC982 /* [CP] Check Pods Manifest.lock */ = {
			isa = PBXShellScriptBuildPhase;
			buildActionMask = 2147483647;
			files = (
			);
			inputFileListPaths = (
			);
			inputPaths = (
				"${PODS_PODFILE_DIR_PATH}/Podfile.lock",
				"${PODS_ROOT}/Manifest.lock",
			);
			name = "[CP] Check Pods Manifest.lock";
			outputFileListPaths = (
			);
			outputPaths = (
				"$(DERIVED_FILE_DIR)/Pods-HyakuninisshuTests-checkManifestLockResult.txt",
			);
			runOnlyForDeploymentPostprocessing = 0;
			shellPath = /bin/sh;
			shellScript = "diff \"${PODS_PODFILE_DIR_PATH}/Podfile.lock\" \"${PODS_ROOT}/Manifest.lock\" > /dev/null\nif [ $? != 0 ] ; then\n    # print error to STDERR\n    echo \"error: The sandbox is not in sync with the Podfile.lock. Run 'pod install' or update your CocoaPods installation.\" >&2\n    exit 1\nfi\n# This output is used by Xcode 'outputs' to avoid re-running this script phase.\necho \"SUCCESS\" > \"${SCRIPT_OUTPUT_FILE_0}\"\n";
			showEnvVarsInLog = 0;
		};
		6B0D537334303758F542F27F /* [CP] Embed Pods Frameworks */ = {
			isa = PBXShellScriptBuildPhase;
			buildActionMask = 2147483647;
			files = (
			);
			inputFileListPaths = (
				"${PODS_ROOT}/Target Support Files/Pods-Hyakuninisshu-HyakuninisshuUITests/Pods-Hyakuninisshu-HyakuninisshuUITests-frameworks-${CONFIGURATION}-input-files.xcfilelist",
			);
			name = "[CP] Embed Pods Frameworks";
			outputFileListPaths = (
				"${PODS_ROOT}/Target Support Files/Pods-Hyakuninisshu-HyakuninisshuUITests/Pods-Hyakuninisshu-HyakuninisshuUITests-frameworks-${CONFIGURATION}-output-files.xcfilelist",
			);
			runOnlyForDeploymentPostprocessing = 0;
			shellPath = /bin/sh;
			shellScript = "\"${PODS_ROOT}/Target Support Files/Pods-Hyakuninisshu-HyakuninisshuUITests/Pods-Hyakuninisshu-HyakuninisshuUITests-frameworks.sh\"\n";
			showEnvVarsInLog = 0;
		};
		AEE3BF484BEBD00FC2425AB5 /* [CP] Embed Pods Frameworks */ = {
			isa = PBXShellScriptBuildPhase;
			buildActionMask = 2147483647;
			files = (
			);
			inputFileListPaths = (
				"${PODS_ROOT}/Target Support Files/Pods-Hyakuninisshu/Pods-Hyakuninisshu-frameworks-${CONFIGURATION}-input-files.xcfilelist",
			);
			name = "[CP] Embed Pods Frameworks";
			outputFileListPaths = (
				"${PODS_ROOT}/Target Support Files/Pods-Hyakuninisshu/Pods-Hyakuninisshu-frameworks-${CONFIGURATION}-output-files.xcfilelist",
			);
			runOnlyForDeploymentPostprocessing = 0;
			shellPath = /bin/sh;
			shellScript = "\"${PODS_ROOT}/Target Support Files/Pods-Hyakuninisshu/Pods-Hyakuninisshu-frameworks.sh\"\n";
			showEnvVarsInLog = 0;
		};
		AF233064538C1BF9891BA819 /* [CP] Check Pods Manifest.lock */ = {
			isa = PBXShellScriptBuildPhase;
			buildActionMask = 2147483647;
			files = (
			);
			inputFileListPaths = (
			);
			inputPaths = (
				"${PODS_PODFILE_DIR_PATH}/Podfile.lock",
				"${PODS_ROOT}/Manifest.lock",
			);
			name = "[CP] Check Pods Manifest.lock";
			outputFileListPaths = (
			);
			outputPaths = (
				"$(DERIVED_FILE_DIR)/Pods-Hyakuninisshu-checkManifestLockResult.txt",
			);
			runOnlyForDeploymentPostprocessing = 0;
			shellPath = /bin/sh;
			shellScript = "diff \"${PODS_PODFILE_DIR_PATH}/Podfile.lock\" \"${PODS_ROOT}/Manifest.lock\" > /dev/null\nif [ $? != 0 ] ; then\n    # print error to STDERR\n    echo \"error: The sandbox is not in sync with the Podfile.lock. Run 'pod install' or update your CocoaPods installation.\" >&2\n    exit 1\nfi\n# This output is used by Xcode 'outputs' to avoid re-running this script phase.\necho \"SUCCESS\" > \"${SCRIPT_OUTPUT_FILE_0}\"\n";
			showEnvVarsInLog = 0;
		};
		FA1738F225CB758D001D13E6 /* ShellScript */ = {
			isa = PBXShellScriptBuildPhase;
			buildActionMask = 2147483647;
			files = (
			);
			inputFileListPaths = (
			);
			inputPaths = (
			);
			outputFileListPaths = (
			);
			outputPaths = (
			);
			runOnlyForDeploymentPostprocessing = 0;
			shellPath = /bin/sh;
			shellScript = "# Type a script or drag a script file from your workspace to insert its path.\nif [ \"${CONFIGURATION}\" == \"Release\" ]; then\n  cp \"${PROJECT_DIR}/${PROJECT_NAME}/Configs/GoogleService-Info-Release.plist\" \"${BUILT_PRODUCTS_DIR}/${PRODUCT_NAME}.app/GoogleService-Info.plist\"\nelse\n  cp \"${PROJECT_DIR}/${PROJECT_NAME}/Configs/GoogleService-Info-Debug.plist\" \"${BUILT_PRODUCTS_DIR}/${PRODUCT_NAME}.app/GoogleService-Info.plist\"\nfi\n";
		};
		FAF4EBEB25CEE37C006BABF5 /* ShellScript */ = {
			isa = PBXShellScriptBuildPhase;
			buildActionMask = 2147483647;
			files = (
			);
			inputFileListPaths = (
			);
			inputPaths = (
			);
			outputFileListPaths = (
			);
			outputPaths = (
			);
			runOnlyForDeploymentPostprocessing = 0;
			shellPath = /bin/sh;
			shellScript = "# Type a script or drag a script file from your workspace to insert its path.\nplistBuddy=\"/usr/libexec/PlistBuddy\"\npreprocessedInfoPlist=\"${TEMP_DIR}/Preprocessed-Info.plist\"\n\nif [ \"${CONFIGURATION}\" == \"Release\" ]; then\n  . ./Hyakuninisshu/.env\nelse\n  . ./Hyakuninisshu/.debug.env\nfi\n\n$plistBuddy -c \"set GADApplicationIdentifier string ${GAD_APPLICATION_IDENTIFIER}\" \"${preprocessedInfoPlist}\"\n";
		};
		FAF7E08B25DF83C000017290 /* ShellScript */ = {
			isa = PBXShellScriptBuildPhase;
			buildActionMask = 2147483647;
			files = (
			);
			inputFileListPaths = (
			);
			inputPaths = (
				"${DWARF_DSYM_FOLDER_PATH}/${DWARF_DSYM_FILE_NAME}/Contents/Resources/DWARF/${TARGET_NAME}\n",
				"$(SRCROOT)/$(BUILT_PRODUCTS_DIR)/$(INFOPLIST_PATH)",
			);
			outputFileListPaths = (
			);
			outputPaths = (
			);
			runOnlyForDeploymentPostprocessing = 0;
			shellPath = /bin/sh;
			shellScript = "# Type a script or drag a script file from your workspace to insert its path.\n\"${PODS_ROOT}/FirebaseCrashlytics/run\"\n";
		};
/* End PBXShellScriptBuildPhase section */

/* Begin PBXSourcesBuildPhase section */
		FA27E258257055FC001132A3 /* Sources */ = {
			isa = PBXSourcesBuildPhase;
			buildActionMask = 2147483647;
			files = (
				FA5FEFD025AB5EC100948165 /* ExamHistoryPresenter.swift in Sources */,
				FACC8B3125B1E0E400579F96 /* PresentationError.swift in Sources */,
				FAF4EBE125CED9F6006BABF5 /* Env.swift in Sources */,
				FA58E39625C5ABF700FA7FCF /* UIUserInterfaceStyleExtension.swift in Sources */,
				FA5E6A7925A8052F008EE33F /* ExamPresenter.swift in Sources */,
				FAB9E0D725A8A0C30038EA04 /* ExamResultViewController.swift in Sources */,
				FA0289532570D107003ADE9C /* Kimariji.swift in Sources */,
				FA5E6A5E25A74BCA008EE33F /* ViewControllerIdentifier.swift in Sources */,
				FAD1686E25CCF06A00A447A1 /* GADBannerViewExtension.swift in Sources */,
				FA56086D259B21DB0059AF7D /* QuestionStarterPresenter.swift in Sources */,
				FA1B78DD25A9FCC9000DB361 /* ExamResultCollectionViewCell.swift in Sources */,
				FA1B78E225AA074D000DB361 /* ExamResultCollectionViewFooter.swift in Sources */,
				FA178EF7259E1AD2001C0311 /* Play.swift in Sources */,
				FA0EC5B12597EE45003B4FEE /* TrainingModel.swift in Sources */,
				FA35DB322592E14000B2DA55 /* KarutaNoCollection.swift in Sources */,
				FACC8B2425B1844F00579F96 /* DIContainer.swift in Sources */,
				FA560872259B21E70059AF7D /* QuestionStarterModel.swift in Sources */,
				FA6BC59C25B130F000B2DEFE /* ValueObject.swift in Sources */,
				FAC72D5525BC67FA0051A2BF /* QuestionResultView.swift in Sources */,
				FA3BA3E025A53D7C00841087 /* QuestionCollection.swift in Sources */,
				FA5E6A5925A74B80008EE33F /* UIStoryboardExtension.swift in Sources */,
				FA0EC5B62597EE50003B4FEE /* TrainingPresenter.swift in Sources */,
				FA0EC5CD2599BB3A003B4FEE /* DisplayStyleCondition.swift in Sources */,
				FA2C3C2125D1864000790429 /* CreditViewController.swift in Sources */,
				FA9EF1E42594712000265ED2 /* KeyboardPicker.swift in Sources */,
				FA35DB102592DB3A00B2DA55 /* QuestionResult.swift in Sources */,
				FA35DB1A2592DDC000B2DA55 /* Question.swift in Sources */,
				FA31034D25C3CB04004452F7 /* UIFontExtension.swift in Sources */,
				FA560865259B13940059AF7D /* QuestionViewController.swift in Sources */,
				FAD1687E25CD0CC500A447A1 /* MaterialModel.swift in Sources */,
				FAD1687925CD099600A447A1 /* MaterialViewController.swift in Sources */,
				FA142B4225A839E1005218F4 /* QuestionRepositoryImpl.swift in Sources */,
				FA2D7AFF258350B400C6134B /* UIImageViewExtension.swift in Sources */,
				FA0ED10E259F854900D41DBA /* YomiFudaView.swift in Sources */,
				FAB9E0E925A8A3640038EA04 /* AnswerModel.swift in Sources */,
				FA2D7B142584234300C6134B /* MaterialDetailViewController.swift in Sources */,
				FA178EE3259E0F58001C0311 /* QuestionPresenter.swift in Sources */,
				FA5FEFCB25AB5EB100948165 /* ExamHistoryModel.swift in Sources */,
				FACB599525B482F100B4ACFA /* UnexpectedErrorViewController.swift in Sources */,
				FA142B3D25A8390A005218F4 /* KarutaRepository.swift in Sources */,
				FA142B3225A83834005218F4 /* KarutaRepositoryImpl.swift in Sources */,
				FA31035225C3DD0B004452F7 /* UIColorExtension.swift in Sources */,
				FA0289492570CD73003ADE9C /* ShimoNoKu.swift in Sources */,
				FA142B4C25A8454A005218F4 /* ExamHistoryCollection.swift in Sources */,
				FA2D7B05258361F800C6134B /* EntranceTabBarController.swift in Sources */,
				FA0EC5AC2597EAEF003B4FEE /* RangeCondition.swift in Sources */,
				FA0ED109259F76BC00D41DBA /* ToriFudaView.swift in Sources */,
				FA0ED11625A0CA4D00D41DBA /* VerticalLabel.swift in Sources */,
				FAD9677A25C75D0F009936AD /* AboutAdViewController.swift in Sources */,
				FAF7E07325DBB62300017290 /* Score.swift in Sources */,
				FA8FBC3A25B7106A00152176 /* ActionButton.swift in Sources */,
				FA35DB3E259310C000B2DA55 /* TrainingViewController.swift in Sources */,
				FA35DB062592DA0D00B2DA55 /* QuestionId.swift in Sources */,
				FA178EF2259E172D001C0311 /* YomiFuda.swift in Sources */,
				FA0289442570CBBA003ADE9C /* KamiNoKu.swift in Sources */,
				FA58E39C25C5AF6C00FA7FCF /* DarkModeSettingViewController.swift in Sources */,
				FA142B4725A83AC5005218F4 /* ExamHistoryRepositoryImpl.swift in Sources */,
				FA3BA3DB25A5179600841087 /* TrainingResultViewController.swift in Sources */,
				FACCA29D25CD914F00D5D3C3 /* ExamHistoryViewController.swift in Sources */,
				FA0EC5C82599B749003B4FEE /* ColorCondition.swift in Sources */,
				FA0EC5C32599B199003B4FEE /* KimarijiCondition.swift in Sources */,
				FA02893F2570C194003ADE9C /* KarutaNo.swift in Sources */,
				FA142B1725A82EF0005218F4 /* ExamHistoryRepository.swift in Sources */,
				FA35DB242592DF2400B2DA55 /* DomainError.swift in Sources */,
				FA028975257A00DA003ADE9C /* SplashViewController.swift in Sources */,
				FAB9E0F925A8B6530038EA04 /* ExamResult.swift in Sources */,
				FA35DB2A2592DFEE00B2DA55 /* CreateQuestionsService.swift in Sources */,
				FA27E26A257055FC001132A3 /* Hyakuninisshu.xcdatamodeld in Sources */,
				FA58E38B25C5A71500FA7FCF /* UserDefaultsExtension.swift in Sources */,
				FA12E2D625A356B300C057B6 /* AnswerViewController.swift in Sources */,
				FA5E6A7425A80525008EE33F /* ExamModel.swift in Sources */,
				FA3BA3EA25A5FC1C00841087 /* TrainingResult.swift in Sources */,
				FA1B78D525A9F612000DB361 /* ExamResultCollectionViewHeader.swift in Sources */,
				FA02894E2570D053003ADE9C /* KarutaColor.swift in Sources */,
				FA35DB1F2592DF0E00B2DA55 /* QuestionRepository.swift in Sources */,
				FA6BC5A925B1376200B2DEFE /* Entity.swift in Sources */,
				FA27E260257055FC001132A3 /* AppDelegate.swift in Sources */,
				FA142B0525A82D5C005218F4 /* ExamHistoryId.swift in Sources */,
				FA02893A2570BEDF003ADE9C /* Verse.swift in Sources */,
				FA3BA3E525A540BD00841087 /* QuestionResultScore.swift in Sources */,
				FA178EE8259E0F6B001C0311 /* QuestionModel.swift in Sources */,
				FA5FEFBD25AB463C00948165 /* PlayScore.swift in Sources */,
				FAD1688325CD0D2F00A447A1 /* MaterialPresenter.swift in Sources */,
				FA0289352570A390003ADE9C /* Karuta.swift in Sources */,
				FAD9677525C6FD7D009936AD /* PrivacyPolicyViewController.swift in Sources */,
				FA0EC59C259694C0003B4FEE /* Material.swift in Sources */,
				FA142B1225A82DD9005218F4 /* ExamHitory.swift in Sources */,
				FA5E6A6625A7F9F5008EE33F /* UINavigationControllerExtension.swift in Sources */,
				FA2D7AD32581781800C6134B /* UIViewControllerExtension.swift in Sources */,
				FA0EC5D22599BBAE003B4FEE /* AnimationSpeedCondition.swift in Sources */,
				FA5E6A6C25A8051A008EE33F /* ExamViewController.swift in Sources */,
				FA142B5425A84C8A005218F4 /* UIViewExtension.swift in Sources */,
				FA58E39125C5AAF200FA7FCF /* SettingViewController.swift in Sources */,
				FA35DB0B2592DA9D00B2DA55 /* QuestionState.swift in Sources */,
				FA6BC5A425B1310800B2DEFE /* EntityId.swift in Sources */,
				FA0EC5A725972389003B4FEE /* KanjiFormatter.swift in Sources */,
				FAB9E0EE25A8A3700038EA04 /* AnswerPresenter.swift in Sources */,
				FAF4EBBB25CE61B3006BABF5 /* AdController.swift in Sources */,
				FA35DB152592DB4900B2DA55 /* QuestionJudgement.swift in Sources */,
				FA27E262257055FC001132A3 /* SceneDelegate.swift in Sources */,
				FA56085C259B13510059AF7D /* QuestionStarterViewController.swift in Sources */,
				FA12E2DE25A3BFD200C057B6 /* FudaView.swift in Sources */,
				FA2D7AF72583192A00C6134B /* MaterialTableViewCell.swift in Sources */,
				FA5FEFE325AD005600948165 /* ExamHistoryTableViewCell.swift in Sources */,
				FA178EED259E14B8001C0311 /* ToriFuda.swift in Sources */,
			);
			runOnlyForDeploymentPostprocessing = 0;
		};
		FA27E271257055FF001132A3 /* Sources */ = {
			isa = PBXSourcesBuildPhase;
			buildActionMask = 2147483647;
			files = (
				FA27E27A257055FF001132A3 /* HyakuninisshuTests.swift in Sources */,
			);
			runOnlyForDeploymentPostprocessing = 0;
		};
		FA27E27C257055FF001132A3 /* Sources */ = {
			isa = PBXSourcesBuildPhase;
			buildActionMask = 2147483647;
			files = (
				FA27E285257055FF001132A3 /* HyakuninisshuUITests.swift in Sources */,
			);
			runOnlyForDeploymentPostprocessing = 0;
		};
/* End PBXSourcesBuildPhase section */

/* Begin PBXTargetDependency section */
		FA27E277257055FF001132A3 /* PBXTargetDependency */ = {
			isa = PBXTargetDependency;
			target = FA27E25B257055FC001132A3 /* Hyakuninisshu */;
			targetProxy = FA27E276257055FF001132A3 /* PBXContainerItemProxy */;
		};
		FA27E282257055FF001132A3 /* PBXTargetDependency */ = {
			isa = PBXTargetDependency;
			target = FA27E25B257055FC001132A3 /* Hyakuninisshu */;
			targetProxy = FA27E281257055FF001132A3 /* PBXContainerItemProxy */;
		};
/* End PBXTargetDependency section */

/* Begin PBXVariantGroup section */
		FA27E265257055FC001132A3 /* Main.storyboard */ = {
			isa = PBXVariantGroup;
			children = (
				FA27E266257055FC001132A3 /* Base */,
			);
			name = Main.storyboard;
			sourceTree = "<group>";
		};
		FA27E26D257055FF001132A3 /* LaunchScreen.storyboard */ = {
			isa = PBXVariantGroup;
			children = (
				FA27E26E257055FF001132A3 /* Base */,
			);
			name = LaunchScreen.storyboard;
			sourceTree = "<group>";
		};
/* End PBXVariantGroup section */

/* Begin XCBuildConfiguration section */
		FA27E287257055FF001132A3 /* Debug */ = {
			isa = XCBuildConfiguration;
			buildSettings = {
				ALWAYS_SEARCH_USER_PATHS = NO;
				CLANG_ANALYZER_NONNULL = YES;
				CLANG_ANALYZER_NUMBER_OBJECT_CONVERSION = YES_AGGRESSIVE;
				CLANG_CXX_LANGUAGE_STANDARD = "gnu++14";
				CLANG_CXX_LIBRARY = "libc++";
				CLANG_ENABLE_MODULES = YES;
				CLANG_ENABLE_OBJC_ARC = YES;
				CLANG_ENABLE_OBJC_WEAK = YES;
				CLANG_WARN_BLOCK_CAPTURE_AUTORELEASING = YES;
				CLANG_WARN_BOOL_CONVERSION = YES;
				CLANG_WARN_COMMA = YES;
				CLANG_WARN_CONSTANT_CONVERSION = YES;
				CLANG_WARN_DEPRECATED_OBJC_IMPLEMENTATIONS = YES;
				CLANG_WARN_DIRECT_OBJC_ISA_USAGE = YES_ERROR;
				CLANG_WARN_DOCUMENTATION_COMMENTS = YES;
				CLANG_WARN_EMPTY_BODY = YES;
				CLANG_WARN_ENUM_CONVERSION = YES;
				CLANG_WARN_INFINITE_RECURSION = YES;
				CLANG_WARN_INT_CONVERSION = YES;
				CLANG_WARN_NON_LITERAL_NULL_CONVERSION = YES;
				CLANG_WARN_OBJC_IMPLICIT_RETAIN_SELF = YES;
				CLANG_WARN_OBJC_LITERAL_CONVERSION = YES;
				CLANG_WARN_OBJC_ROOT_CLASS = YES_ERROR;
				CLANG_WARN_QUOTED_INCLUDE_IN_FRAMEWORK_HEADER = YES;
				CLANG_WARN_RANGE_LOOP_ANALYSIS = YES;
				CLANG_WARN_STRICT_PROTOTYPES = YES;
				CLANG_WARN_SUSPICIOUS_MOVE = YES;
				CLANG_WARN_UNGUARDED_AVAILABILITY = YES_AGGRESSIVE;
				CLANG_WARN_UNREACHABLE_CODE = YES;
				CLANG_WARN__DUPLICATE_METHOD_MATCH = YES;
				COPY_PHASE_STRIP = NO;
				DEBUG_INFORMATION_FORMAT = dwarf;
				ENABLE_STRICT_OBJC_MSGSEND = YES;
				ENABLE_TESTABILITY = YES;
				GCC_C_LANGUAGE_STANDARD = gnu11;
				GCC_DYNAMIC_NO_PIC = NO;
				GCC_NO_COMMON_BLOCKS = YES;
				GCC_OPTIMIZATION_LEVEL = 0;
				GCC_PREPROCESSOR_DEFINITIONS = (
					"DEBUG=1",
					"$(inherited)",
				);
				GCC_WARN_64_TO_32_BIT_CONVERSION = YES;
				GCC_WARN_ABOUT_RETURN_TYPE = YES_ERROR;
				GCC_WARN_UNDECLARED_SELECTOR = YES;
				GCC_WARN_UNINITIALIZED_AUTOS = YES_AGGRESSIVE;
				GCC_WARN_UNUSED_FUNCTION = YES;
				GCC_WARN_UNUSED_VARIABLE = YES;
				INFOPLIST_PREPROCESS = YES;
				IPHONEOS_DEPLOYMENT_TARGET = 14.2;
				MTL_ENABLE_DEBUG_INFO = INCLUDE_SOURCE;
				MTL_FAST_MATH = YES;
				ONLY_ACTIVE_ARCH = YES;
				SDKROOT = iphoneos;
				SWIFT_ACTIVE_COMPILATION_CONDITIONS = DEBUG;
				SWIFT_OPTIMIZATION_LEVEL = "-Onone";
			};
			name = Debug;
		};
		FA27E288257055FF001132A3 /* Release */ = {
			isa = XCBuildConfiguration;
			buildSettings = {
				ALWAYS_SEARCH_USER_PATHS = NO;
				CLANG_ANALYZER_NONNULL = YES;
				CLANG_ANALYZER_NUMBER_OBJECT_CONVERSION = YES_AGGRESSIVE;
				CLANG_CXX_LANGUAGE_STANDARD = "gnu++14";
				CLANG_CXX_LIBRARY = "libc++";
				CLANG_ENABLE_MODULES = YES;
				CLANG_ENABLE_OBJC_ARC = YES;
				CLANG_ENABLE_OBJC_WEAK = YES;
				CLANG_WARN_BLOCK_CAPTURE_AUTORELEASING = YES;
				CLANG_WARN_BOOL_CONVERSION = YES;
				CLANG_WARN_COMMA = YES;
				CLANG_WARN_CONSTANT_CONVERSION = YES;
				CLANG_WARN_DEPRECATED_OBJC_IMPLEMENTATIONS = YES;
				CLANG_WARN_DIRECT_OBJC_ISA_USAGE = YES_ERROR;
				CLANG_WARN_DOCUMENTATION_COMMENTS = YES;
				CLANG_WARN_EMPTY_BODY = YES;
				CLANG_WARN_ENUM_CONVERSION = YES;
				CLANG_WARN_INFINITE_RECURSION = YES;
				CLANG_WARN_INT_CONVERSION = YES;
				CLANG_WARN_NON_LITERAL_NULL_CONVERSION = YES;
				CLANG_WARN_OBJC_IMPLICIT_RETAIN_SELF = YES;
				CLANG_WARN_OBJC_LITERAL_CONVERSION = YES;
				CLANG_WARN_OBJC_ROOT_CLASS = YES_ERROR;
				CLANG_WARN_QUOTED_INCLUDE_IN_FRAMEWORK_HEADER = YES;
				CLANG_WARN_RANGE_LOOP_ANALYSIS = YES;
				CLANG_WARN_STRICT_PROTOTYPES = YES;
				CLANG_WARN_SUSPICIOUS_MOVE = YES;
				CLANG_WARN_UNGUARDED_AVAILABILITY = YES_AGGRESSIVE;
				CLANG_WARN_UNREACHABLE_CODE = YES;
				CLANG_WARN__DUPLICATE_METHOD_MATCH = YES;
				COPY_PHASE_STRIP = NO;
				DEBUG_INFORMATION_FORMAT = "dwarf-with-dsym";
				ENABLE_NS_ASSERTIONS = NO;
				ENABLE_STRICT_OBJC_MSGSEND = YES;
				GCC_C_LANGUAGE_STANDARD = gnu11;
				GCC_NO_COMMON_BLOCKS = YES;
				GCC_WARN_64_TO_32_BIT_CONVERSION = YES;
				GCC_WARN_ABOUT_RETURN_TYPE = YES_ERROR;
				GCC_WARN_UNDECLARED_SELECTOR = YES;
				GCC_WARN_UNINITIALIZED_AUTOS = YES_AGGRESSIVE;
				GCC_WARN_UNUSED_FUNCTION = YES;
				GCC_WARN_UNUSED_VARIABLE = YES;
				INFOPLIST_PREPROCESS = YES;
				IPHONEOS_DEPLOYMENT_TARGET = 14.2;
				MTL_ENABLE_DEBUG_INFO = NO;
				MTL_FAST_MATH = YES;
				SDKROOT = iphoneos;
				SWIFT_COMPILATION_MODE = wholemodule;
				SWIFT_OPTIMIZATION_LEVEL = "-O";
				VALIDATE_PRODUCT = YES;
			};
			name = Release;
		};
		FA27E28A257055FF001132A3 /* Debug */ = {
			isa = XCBuildConfiguration;
			baseConfigurationReference = 5F4D61FCD12498A794128730 /* Pods-Hyakuninisshu.debug.xcconfig */;
			buildSettings = {
				ASSETCATALOG_COMPILER_APPICON_NAME = AppIcon;
				ASSETCATALOG_COMPILER_GLOBAL_ACCENT_COLOR_NAME = AccentColor;
				BUNDLE_ID_SUFFIX = .debug;
				CODE_SIGN_STYLE = Automatic;
				CURRENT_PROJECT_VERSION = 4;
				DEBUG_INFORMATION_FORMAT = "dwarf-with-dsym";
				DEVELOPMENT_TEAM = 5NCQ7MMXQM;
				INFOPLIST_FILE = Hyakuninisshu/Info.plist;
				LD_RUNPATH_SEARCH_PATHS = (
					"$(inherited)",
					"@executable_path/Frameworks",
				);
				PRODUCT_BUNDLE_IDENTIFIER = "net.hyakuninanki.Hyakuninisshu${BUNDLE_ID_SUFFIX}";
				PRODUCT_NAME = "$(TARGET_NAME)";
				SWIFT_VERSION = 5.0;
				TARGETED_DEVICE_FAMILY = 1;
			};
			name = Debug;
		};
		FA27E28B257055FF001132A3 /* Release */ = {
			isa = XCBuildConfiguration;
			baseConfigurationReference = 922815807AE272501646F324 /* Pods-Hyakuninisshu.release.xcconfig */;
			buildSettings = {
				ASSETCATALOG_COMPILER_APPICON_NAME = AppIcon;
				ASSETCATALOG_COMPILER_GLOBAL_ACCENT_COLOR_NAME = AccentColor;
				BUNDLE_ID_SUFFIX = "";
				CODE_SIGN_STYLE = Automatic;
				CURRENT_PROJECT_VERSION = 4;
				DEVELOPMENT_TEAM = 5NCQ7MMXQM;
				INFOPLIST_FILE = Hyakuninisshu/Info.plist;
				LD_RUNPATH_SEARCH_PATHS = (
					"$(inherited)",
					"@executable_path/Frameworks",
				);
				PRODUCT_BUNDLE_IDENTIFIER = "net.hyakuninanki.Hyakuninisshu${BUNDLE_ID_SUFFIX}";
				PRODUCT_NAME = "$(TARGET_NAME)";
				SWIFT_VERSION = 5.0;
				TARGETED_DEVICE_FAMILY = 1;
			};
			name = Release;
		};
		FA27E28D257055FF001132A3 /* Debug */ = {
			isa = XCBuildConfiguration;
			baseConfigurationReference = B2FAAF1DB8E2AE43782FC5C2 /* Pods-HyakuninisshuTests.debug.xcconfig */;
			buildSettings = {
				ALWAYS_EMBED_SWIFT_STANDARD_LIBRARIES = YES;
				BUNDLE_LOADER = "$(TEST_HOST)";
				CODE_SIGN_STYLE = Automatic;
				DEVELOPMENT_TEAM = 5NCQ7MMXQM;
				INFOPLIST_FILE = HyakuninisshuTests/Info.plist;
				IPHONEOS_DEPLOYMENT_TARGET = 14.2;
				LD_RUNPATH_SEARCH_PATHS = (
					"$(inherited)",
					"@executable_path/Frameworks",
					"@loader_path/Frameworks",
				);
				PRODUCT_BUNDLE_IDENTIFIER = net.hyakuninanki.HyakuninisshuTests;
				PRODUCT_NAME = "$(TARGET_NAME)";
				SWIFT_VERSION = 5.0;
				TARGETED_DEVICE_FAMILY = "1,2";
				TEST_HOST = "$(BUILT_PRODUCTS_DIR)/Hyakuninisshu.app/Hyakuninisshu";
			};
			name = Debug;
		};
		FA27E28E257055FF001132A3 /* Release */ = {
			isa = XCBuildConfiguration;
			baseConfigurationReference = 3540D85C37BAF640F6C7DDD4 /* Pods-HyakuninisshuTests.release.xcconfig */;
			buildSettings = {
				ALWAYS_EMBED_SWIFT_STANDARD_LIBRARIES = YES;
				BUNDLE_LOADER = "$(TEST_HOST)";
				CODE_SIGN_STYLE = Automatic;
				DEVELOPMENT_TEAM = 5NCQ7MMXQM;
				INFOPLIST_FILE = HyakuninisshuTests/Info.plist;
				IPHONEOS_DEPLOYMENT_TARGET = 14.2;
				LD_RUNPATH_SEARCH_PATHS = (
					"$(inherited)",
					"@executable_path/Frameworks",
					"@loader_path/Frameworks",
				);
				PRODUCT_BUNDLE_IDENTIFIER = net.hyakuninanki.HyakuninisshuTests;
				PRODUCT_NAME = "$(TARGET_NAME)";
				SWIFT_VERSION = 5.0;
				TARGETED_DEVICE_FAMILY = "1,2";
				TEST_HOST = "$(BUILT_PRODUCTS_DIR)/Hyakuninisshu.app/Hyakuninisshu";
			};
			name = Release;
		};
		FA27E290257055FF001132A3 /* Debug */ = {
			isa = XCBuildConfiguration;
			baseConfigurationReference = FEE95F1FA685359C0B15F61D /* Pods-Hyakuninisshu-HyakuninisshuUITests.debug.xcconfig */;
			buildSettings = {
				ALWAYS_EMBED_SWIFT_STANDARD_LIBRARIES = YES;
				CODE_SIGN_STYLE = Automatic;
				DEVELOPMENT_TEAM = 5NCQ7MMXQM;
				INFOPLIST_FILE = HyakuninisshuUITests/Info.plist;
				LD_RUNPATH_SEARCH_PATHS = (
					"$(inherited)",
					"@executable_path/Frameworks",
					"@loader_path/Frameworks",
				);
				PRODUCT_BUNDLE_IDENTIFIER = net.hyakuninanki.HyakuninisshuUITests;
				PRODUCT_NAME = "$(TARGET_NAME)";
				SWIFT_VERSION = 5.0;
				TARGETED_DEVICE_FAMILY = "1,2";
				TEST_TARGET_NAME = Hyakuninisshu;
			};
			name = Debug;
		};
		FA27E291257055FF001132A3 /* Release */ = {
			isa = XCBuildConfiguration;
			baseConfigurationReference = B5A6D833ED7727B947135122 /* Pods-Hyakuninisshu-HyakuninisshuUITests.release.xcconfig */;
			buildSettings = {
				ALWAYS_EMBED_SWIFT_STANDARD_LIBRARIES = YES;
				CODE_SIGN_STYLE = Automatic;
				DEVELOPMENT_TEAM = 5NCQ7MMXQM;
				INFOPLIST_FILE = HyakuninisshuUITests/Info.plist;
				LD_RUNPATH_SEARCH_PATHS = (
					"$(inherited)",
					"@executable_path/Frameworks",
					"@loader_path/Frameworks",
				);
				PRODUCT_BUNDLE_IDENTIFIER = net.hyakuninanki.HyakuninisshuUITests;
				PRODUCT_NAME = "$(TARGET_NAME)";
				SWIFT_VERSION = 5.0;
				TARGETED_DEVICE_FAMILY = "1,2";
				TEST_TARGET_NAME = Hyakuninisshu;
			};
			name = Release;
		};
/* End XCBuildConfiguration section */

/* Begin XCConfigurationList section */
		FA27E257257055FC001132A3 /* Build configuration list for PBXProject "Hyakuninisshu" */ = {
			isa = XCConfigurationList;
			buildConfigurations = (
				FA27E287257055FF001132A3 /* Debug */,
				FA27E288257055FF001132A3 /* Release */,
			);
			defaultConfigurationIsVisible = 0;
			defaultConfigurationName = Release;
		};
		FA27E289257055FF001132A3 /* Build configuration list for PBXNativeTarget "Hyakuninisshu" */ = {
			isa = XCConfigurationList;
			buildConfigurations = (
				FA27E28A257055FF001132A3 /* Debug */,
				FA27E28B257055FF001132A3 /* Release */,
			);
			defaultConfigurationIsVisible = 0;
			defaultConfigurationName = Release;
		};
		FA27E28C257055FF001132A3 /* Build configuration list for PBXNativeTarget "HyakuninisshuTests" */ = {
			isa = XCConfigurationList;
			buildConfigurations = (
				FA27E28D257055FF001132A3 /* Debug */,
				FA27E28E257055FF001132A3 /* Release */,
			);
			defaultConfigurationIsVisible = 0;
			defaultConfigurationName = Release;
		};
		FA27E28F257055FF001132A3 /* Build configuration list for PBXNativeTarget "HyakuninisshuUITests" */ = {
			isa = XCConfigurationList;
			buildConfigurations = (
				FA27E290257055FF001132A3 /* Debug */,
				FA27E291257055FF001132A3 /* Release */,
			);
			defaultConfigurationIsVisible = 0;
			defaultConfigurationName = Release;
		};
/* End XCConfigurationList section */

/* Begin XCVersionGroup section */
		FA27E268257055FC001132A3 /* Hyakuninisshu.xcdatamodeld */ = {
			isa = XCVersionGroup;
			children = (
				FA27E269257055FC001132A3 /* Hyakuninisshu.xcdatamodel */,
			);
			currentVersion = FA27E269257055FC001132A3 /* Hyakuninisshu.xcdatamodel */;
			path = Hyakuninisshu.xcdatamodeld;
			sourceTree = "<group>";
			versionGroupType = wrapper.xcdatamodel;
		};
/* End XCVersionGroup section */
	};
	rootObject = FA27E254257055FC001132A3 /* Project object */;
}
